// !$*UTF8*$!
{
	archiveVersion = 1;
	classes = {
	};
	objectVersion = 46;
	objects = {

/* Begin PBXBuildFile section */
		3B8120368B4FCCD80883BAF3 /* ofxAssimpAnimation.cpp in Sources */ = {isa = PBXBuildFile; fileRef = 36068D6C1D6D412786A5C4C1 /* ofxAssimpAnimation.cpp */; };
		483FA4F6D5FA6422C559B1F5 /* ofxAssimpMeshHelper.cpp in Sources */ = {isa = PBXBuildFile; fileRef = F67FE68E327BEFBD4B777571 /* ofxAssimpMeshHelper.cpp */; };
		5A4349E9754D6FA14C0F2A3A /* tinyxmlparser.cpp in Sources */ = {isa = PBXBuildFile; fileRef = FC5DA1C87211D4F6377DA719 /* tinyxmlparser.cpp */; };
		63B57AC5BF4EF088491E0317 /* ofxXmlSettings.cpp in Sources */ = {isa = PBXBuildFile; fileRef = 50DF87D612C5AAE17AAFA6C0 /* ofxXmlSettings.cpp */; };
		8DED5056525646FA71980866 /* ofxAssimpModelLoader.cpp in Sources */ = {isa = PBXBuildFile; fileRef = EDE55D82BD962DAC0E94B708 /* ofxAssimpModelLoader.cpp */; };
		922DB59B1A9FE98D004D4A2D /* ofxUI2DGraph.cpp in Sources */ = {isa = PBXBuildFile; fileRef = 922DB53E1A9FE98D004D4A2D /* ofxUI2DGraph.cpp */; };
		922DB59C1A9FE98D004D4A2D /* ofxUI2DPad.cpp in Sources */ = {isa = PBXBuildFile; fileRef = 922DB5401A9FE98D004D4A2D /* ofxUI2DPad.cpp */; };
		922DB59D1A9FE98D004D4A2D /* ofxUIBaseDraws.cpp in Sources */ = {isa = PBXBuildFile; fileRef = 922DB5421A9FE98D004D4A2D /* ofxUIBaseDraws.cpp */; };
		922DB59E1A9FE98D004D4A2D /* ofxUIBiLabelSlider.cpp in Sources */ = {isa = PBXBuildFile; fileRef = 922DB5441A9FE98D004D4A2D /* ofxUIBiLabelSlider.cpp */; };
		922DB59F1A9FE98D004D4A2D /* ofxUIButton.cpp in Sources */ = {isa = PBXBuildFile; fileRef = 922DB5461A9FE98D004D4A2D /* ofxUIButton.cpp */; };
		922DB5A01A9FE98D004D4A2D /* ofxUICanvas.cpp in Sources */ = {isa = PBXBuildFile; fileRef = 922DB5481A9FE98D004D4A2D /* ofxUICanvas.cpp */; };
		922DB5A11A9FE98D004D4A2D /* ofxUICircleSlider.cpp in Sources */ = {isa = PBXBuildFile; fileRef = 922DB54A1A9FE98D004D4A2D /* ofxUICircleSlider.cpp */; };
		922DB5A21A9FE98D004D4A2D /* ofxUIDragableLabelButton.cpp in Sources */ = {isa = PBXBuildFile; fileRef = 922DB54D1A9FE98D004D4A2D /* ofxUIDragableLabelButton.cpp */; };
		922DB5A31A9FE98D004D4A2D /* ofxUIDropDownList.cpp in Sources */ = {isa = PBXBuildFile; fileRef = 922DB54F1A9FE98D004D4A2D /* ofxUIDropDownList.cpp */; };
		922DB5A41A9FE98D004D4A2D /* ofxUIEventArgs.cpp in Sources */ = {isa = PBXBuildFile; fileRef = 922DB5511A9FE98D004D4A2D /* ofxUIEventArgs.cpp */; };
		922DB5A51A9FE98D004D4A2D /* ofxUIFPS.cpp in Sources */ = {isa = PBXBuildFile; fileRef = 922DB5531A9FE98D004D4A2D /* ofxUIFPS.cpp */; };
		922DB5A61A9FE98D004D4A2D /* ofxUIFPSSlider.cpp in Sources */ = {isa = PBXBuildFile; fileRef = 922DB5551A9FE98D004D4A2D /* ofxUIFPSSlider.cpp */; };
		922DB5A71A9FE98D004D4A2D /* ofxUIImage.cpp in Sources */ = {isa = PBXBuildFile; fileRef = 922DB5571A9FE98D004D4A2D /* ofxUIImage.cpp */; };
		922DB5A81A9FE98D004D4A2D /* ofxUIImageButton.cpp in Sources */ = {isa = PBXBuildFile; fileRef = 922DB5591A9FE98D004D4A2D /* ofxUIImageButton.cpp */; };
		922DB5A91A9FE98D004D4A2D /* ofxUIImageSampler.cpp in Sources */ = {isa = PBXBuildFile; fileRef = 922DB55B1A9FE98D004D4A2D /* ofxUIImageSampler.cpp */; };
		922DB5AA1A9FE98D004D4A2D /* ofxUIImageSlider.cpp in Sources */ = {isa = PBXBuildFile; fileRef = 922DB55D1A9FE98D004D4A2D /* ofxUIImageSlider.cpp */; };
		922DB5AB1A9FE98D004D4A2D /* ofxUIImageToggle.cpp in Sources */ = {isa = PBXBuildFile; fileRef = 922DB55F1A9FE98D004D4A2D /* ofxUIImageToggle.cpp */; };
		922DB5AC1A9FE98D004D4A2D /* ofxUILabel.cpp in Sources */ = {isa = PBXBuildFile; fileRef = 922DB5611A9FE98D004D4A2D /* ofxUILabel.cpp */; };
		922DB5AD1A9FE98D004D4A2D /* ofxUILabelButton.cpp in Sources */ = {isa = PBXBuildFile; fileRef = 922DB5631A9FE98D004D4A2D /* ofxUILabelButton.cpp */; };
		922DB5AE1A9FE98D004D4A2D /* ofxUILabelToggle.cpp in Sources */ = {isa = PBXBuildFile; fileRef = 922DB5651A9FE98D004D4A2D /* ofxUILabelToggle.cpp */; };
		922DB5AF1A9FE98D004D4A2D /* ofxUIMinimalSlider.cpp in Sources */ = {isa = PBXBuildFile; fileRef = 922DB5671A9FE98D004D4A2D /* ofxUIMinimalSlider.cpp */; };
		922DB5B01A9FE98D004D4A2D /* ofxUIMovingGraph.cpp in Sources */ = {isa = PBXBuildFile; fileRef = 922DB5691A9FE98D004D4A2D /* ofxUIMovingGraph.cpp */; };
		922DB5B11A9FE98D004D4A2D /* ofxUIMultiImageButton.cpp in Sources */ = {isa = PBXBuildFile; fileRef = 922DB56B1A9FE98D004D4A2D /* ofxUIMultiImageButton.cpp */; };
		922DB5B21A9FE98D004D4A2D /* ofxUIMultiImageToggle.cpp in Sources */ = {isa = PBXBuildFile; fileRef = 922DB56D1A9FE98D004D4A2D /* ofxUIMultiImageToggle.cpp */; };
		922DB5B31A9FE98D004D4A2D /* ofxUINumberDialer.cpp in Sources */ = {isa = PBXBuildFile; fileRef = 922DB56F1A9FE98D004D4A2D /* ofxUINumberDialer.cpp */; };
		922DB5B41A9FE98D004D4A2D /* ofxUIRadio.cpp in Sources */ = {isa = PBXBuildFile; fileRef = 922DB5721A9FE98D004D4A2D /* ofxUIRadio.cpp */; };
		922DB5B51A9FE98D004D4A2D /* ofxUIRangeSlider.cpp in Sources */ = {isa = PBXBuildFile; fileRef = 922DB5741A9FE98D004D4A2D /* ofxUIRangeSlider.cpp */; };
		922DB5B61A9FE98D004D4A2D /* ofxUIRectangle.cpp in Sources */ = {isa = PBXBuildFile; fileRef = 922DB5761A9FE98D004D4A2D /* ofxUIRectangle.cpp */; };
		922DB5B71A9FE98D004D4A2D /* ofxUIRotarySlider.cpp in Sources */ = {isa = PBXBuildFile; fileRef = 922DB5781A9FE98D004D4A2D /* ofxUIRotarySlider.cpp */; };
		922DB5B81A9FE98D004D4A2D /* ofxUIScrollableCanvas.cpp in Sources */ = {isa = PBXBuildFile; fileRef = 922DB57A1A9FE98D004D4A2D /* ofxUIScrollableCanvas.cpp */; };
		922DB5B91A9FE98D004D4A2D /* ofxUISlider.cpp in Sources */ = {isa = PBXBuildFile; fileRef = 922DB57C1A9FE98D004D4A2D /* ofxUISlider.cpp */; };
		922DB5BA1A9FE98D004D4A2D /* ofxUISortableList.cpp in Sources */ = {isa = PBXBuildFile; fileRef = 922DB57E1A9FE98D004D4A2D /* ofxUISortableList.cpp */; };
		922DB5BB1A9FE98D004D4A2D /* ofxUISpacer.cpp in Sources */ = {isa = PBXBuildFile; fileRef = 922DB5801A9FE98D004D4A2D /* ofxUISpacer.cpp */; };
		922DB5BC1A9FE98D004D4A2D /* ofxUISpectrum.cpp in Sources */ = {isa = PBXBuildFile; fileRef = 922DB5821A9FE98D004D4A2D /* ofxUISpectrum.cpp */; };
		922DB5BD1A9FE98D004D4A2D /* ofxUISuperCanvas.cpp in Sources */ = {isa = PBXBuildFile; fileRef = 922DB5841A9FE98D004D4A2D /* ofxUISuperCanvas.cpp */; };
		922DB5BE1A9FE98D004D4A2D /* ofxUITabBar.cpp in Sources */ = {isa = PBXBuildFile; fileRef = 922DB5861A9FE98D004D4A2D /* ofxUITabBar.cpp */; };
		922DB5BF1A9FE98D004D4A2D /* ofxUITextArea.cpp in Sources */ = {isa = PBXBuildFile; fileRef = 922DB5881A9FE98D004D4A2D /* ofxUITextArea.cpp */; };
		922DB5C01A9FE98D004D4A2D /* ofxUITextInput.cpp in Sources */ = {isa = PBXBuildFile; fileRef = 922DB58A1A9FE98D004D4A2D /* ofxUITextInput.cpp */; };
		922DB5C11A9FE98D004D4A2D /* ofxUIToggle.cpp in Sources */ = {isa = PBXBuildFile; fileRef = 922DB58C1A9FE98D004D4A2D /* ofxUIToggle.cpp */; };
		922DB5C21A9FE98D004D4A2D /* ofxUIToggleMatrix.cpp in Sources */ = {isa = PBXBuildFile; fileRef = 922DB58E1A9FE98D004D4A2D /* ofxUIToggleMatrix.cpp */; };
		922DB5C31A9FE98D004D4A2D /* ofxUIValuePlotter.cpp in Sources */ = {isa = PBXBuildFile; fileRef = 922DB5911A9FE98D004D4A2D /* ofxUIValuePlotter.cpp */; };
		922DB5C41A9FE98D004D4A2D /* ofxUIWaveform.cpp in Sources */ = {isa = PBXBuildFile; fileRef = 922DB5931A9FE98D004D4A2D /* ofxUIWaveform.cpp */; };
		922DB5C51A9FE98D004D4A2D /* ofxUIWidget.cpp in Sources */ = {isa = PBXBuildFile; fileRef = 922DB5951A9FE98D004D4A2D /* ofxUIWidget.cpp */; };
		922DB5C61A9FE98D004D4A2D /* ofxUIWidgetWithLabel.cpp in Sources */ = {isa = PBXBuildFile; fileRef = 922DB5981A9FE98D004D4A2D /* ofxUIWidgetWithLabel.cpp */; };
		922DB5CC1A9FF0C3004D4A2D /* OSXWindow.mm in Sources */ = {isa = PBXBuildFile; fileRef = 922DB5CB1A9FF0C3004D4A2D /* OSXWindow.mm */; };
		9299B7431A71C52100F43260 /* ofxGrabCam.cpp in Sources */ = {isa = PBXBuildFile; fileRef = 9299B7411A71C52100F43260 /* ofxGrabCam.cpp */; };
		92A726B21A6E273D000DC416 /* ofxSyphonClient.mm in Sources */ = {isa = PBXBuildFile; fileRef = 92A726A71A6E2717000DC416 /* ofxSyphonClient.mm */; };
		92A726B41A6E275F000DC416 /* Syphon.framework in CopyFiles */ = {isa = PBXBuildFile; fileRef = 92A726B31A6E275F000DC416 /* Syphon.framework */; settings = {ATTRIBUTES = (RemoveHeadersOnCopy, ); }; };
		92A726B51A6E27A4000DC416 /* SyphonNameboundClient.m in Sources */ = {isa = PBXBuildFile; fileRef = 92A726A11A6E2717000DC416 /* SyphonNameboundClient.m */; };
		92A726B81A6E2888000DC416 /* Syphon.framework in Frameworks */ = {isa = PBXBuildFile; fileRef = 92A7269E1A6E2717000DC416 /* Syphon.framework */; };
		92ADCD761A6E5DA700262AF1 /* ofxSyphonServerDirectory.mm in Sources */ = {isa = PBXBuildFile; fileRef = 92A726AB1A6E2717000DC416 /* ofxSyphonServerDirectory.mm */; };
		92C0B16C1A6E2B96000B0EA4 /* ofAppUtils.cpp in Sources */ = {isa = PBXBuildFile; fileRef = 92C0B16B1A6E2B96000B0EA4 /* ofAppUtils.cpp */; };
		92F6DE851A6E62BA00AFF114 /* ofxSyphonServer.mm in Sources */ = {isa = PBXBuildFile; fileRef = 92A726A91A6E2717000DC416 /* ofxSyphonServer.mm */; };
		933A2227713C720CEFF80FD9 /* tinyxml.cpp in Sources */ = {isa = PBXBuildFile; fileRef = 2B40EDA85BEB63E46785BC29 /* tinyxml.cpp */; };
		9D44DC88EF9E7991B4A09951 /* tinyxmlerror.cpp in Sources */ = {isa = PBXBuildFile; fileRef = 832BDC407620CDBA568B713D /* tinyxmlerror.cpp */; };
		B8846EF8E504895A4A9EFEC0 /* ofxAssimpTexture.cpp in Sources */ = {isa = PBXBuildFile; fileRef = B6F2EE44AD04FF549AB13699 /* ofxAssimpTexture.cpp */; };
		BBAB23CB13894F3D00AA2426 /* GLUT.framework in CopyFiles */ = {isa = PBXBuildFile; fileRef = BBAB23BE13894E4700AA2426 /* GLUT.framework */; };
		E4328149138ABC9F0047C5CB /* openFrameworksDebug.a in Frameworks */ = {isa = PBXBuildFile; fileRef = E4328148138ABC890047C5CB /* openFrameworksDebug.a */; };
		E45BE97B0E8CC7DD009D7055 /* AGL.framework in Frameworks */ = {isa = PBXBuildFile; fileRef = E45BE9710E8CC7DD009D7055 /* AGL.framework */; };
		E45BE97C0E8CC7DD009D7055 /* ApplicationServices.framework in Frameworks */ = {isa = PBXBuildFile; fileRef = E45BE9720E8CC7DD009D7055 /* ApplicationServices.framework */; };
		E45BE97D0E8CC7DD009D7055 /* AudioToolbox.framework in Frameworks */ = {isa = PBXBuildFile; fileRef = E45BE9730E8CC7DD009D7055 /* AudioToolbox.framework */; };
		E45BE97F0E8CC7DD009D7055 /* CoreAudio.framework in Frameworks */ = {isa = PBXBuildFile; fileRef = E45BE9750E8CC7DD009D7055 /* CoreAudio.framework */; };
		E45BE9800E8CC7DD009D7055 /* CoreFoundation.framework in Frameworks */ = {isa = PBXBuildFile; fileRef = E45BE9760E8CC7DD009D7055 /* CoreFoundation.framework */; };
		E45BE9810E8CC7DD009D7055 /* CoreServices.framework in Frameworks */ = {isa = PBXBuildFile; fileRef = E45BE9770E8CC7DD009D7055 /* CoreServices.framework */; };
		E45BE9830E8CC7DD009D7055 /* OpenGL.framework in Frameworks */ = {isa = PBXBuildFile; fileRef = E45BE9790E8CC7DD009D7055 /* OpenGL.framework */; };
		E45BE9840E8CC7DD009D7055 /* QuickTime.framework in Frameworks */ = {isa = PBXBuildFile; fileRef = E45BE97A0E8CC7DD009D7055 /* QuickTime.framework */; };
		E4B69E200A3A1BDC003C02F2 /* main.cpp in Sources */ = {isa = PBXBuildFile; fileRef = E4B69E1D0A3A1BDC003C02F2 /* main.cpp */; };
		E4B69E210A3A1BDC003C02F2 /* ofApp.cpp in Sources */ = {isa = PBXBuildFile; fileRef = E4B69E1E0A3A1BDC003C02F2 /* ofApp.cpp */; };
		E4C2424710CC5A17004149E2 /* AppKit.framework in Frameworks */ = {isa = PBXBuildFile; fileRef = E4C2424410CC5A17004149E2 /* AppKit.framework */; };
		E4C2424810CC5A17004149E2 /* Cocoa.framework in Frameworks */ = {isa = PBXBuildFile; fileRef = E4C2424510CC5A17004149E2 /* Cocoa.framework */; };
		E4C2424910CC5A17004149E2 /* IOKit.framework in Frameworks */ = {isa = PBXBuildFile; fileRef = E4C2424610CC5A17004149E2 /* IOKit.framework */; };
		E4EB6799138ADC1D00A09F29 /* GLUT.framework in Frameworks */ = {isa = PBXBuildFile; fileRef = BBAB23BE13894E4700AA2426 /* GLUT.framework */; };
		E7E077E515D3B63C0020DFD4 /* CoreVideo.framework in Frameworks */ = {isa = PBXBuildFile; fileRef = E7E077E415D3B63C0020DFD4 /* CoreVideo.framework */; };
		E7E077E815D3B6510020DFD4 /* QTKit.framework in Frameworks */ = {isa = PBXBuildFile; fileRef = E7E077E715D3B6510020DFD4 /* QTKit.framework */; };
		E7F985F815E0DEA3003869B5 /* Accelerate.framework in Frameworks */ = {isa = PBXBuildFile; fileRef = E7F985F515E0DE99003869B5 /* Accelerate.framework */; };
/* End PBXBuildFile section */

/* Begin PBXContainerItemProxy section */
		E4328147138ABC890047C5CB /* PBXContainerItemProxy */ = {
			isa = PBXContainerItemProxy;
			containerPortal = E4328143138ABC890047C5CB /* openFrameworksLib.xcodeproj */;
			proxyType = 2;
			remoteGlobalIDString = E4B27C1510CBEB8E00536013;
			remoteInfo = openFrameworks;
		};
		E4EEB9AB138B136A00A80321 /* PBXContainerItemProxy */ = {
			isa = PBXContainerItemProxy;
			containerPortal = E4328143138ABC890047C5CB /* openFrameworksLib.xcodeproj */;
			proxyType = 1;
			remoteGlobalIDString = E4B27C1410CBEB8E00536013;
			remoteInfo = openFrameworks;
		};
/* End PBXContainerItemProxy section */

/* Begin PBXCopyFilesBuildPhase section */
		E4C2427710CC5ABF004149E2 /* CopyFiles */ = {
			isa = PBXCopyFilesBuildPhase;
			buildActionMask = 2147483647;
			dstPath = "";
			dstSubfolderSpec = 10;
			files = (
				BBAB23CB13894F3D00AA2426 /* GLUT.framework in CopyFiles */,
				92A726B41A6E275F000DC416 /* Syphon.framework in CopyFiles */,
			);
			runOnlyForDeploymentPostprocessing = 0;
		};
/* End PBXCopyFilesBuildPhase section */

/* Begin PBXFileReference section */
		01DCC0911400F9ACF5B65578 /* ofxXmlSettings.h */ = {isa = PBXFileReference; explicitFileType = sourcecode.c.h; fileEncoding = 30; name = ofxXmlSettings.h; path = ../../../addons/ofxXmlSettings/src/ofxXmlSettings.h; sourceTree = SOURCE_ROOT; };
		0D3785E8F7FEB9257FEA2D7D /* ProgressHandler.h */ = {isa = PBXFileReference; explicitFileType = sourcecode.c.h; fileEncoding = 30; name = ProgressHandler.h; path = ../../../addons/ofxAssimpModelLoader/libs/assimp/include/ProgressHandler.h; sourceTree = SOURCE_ROOT; };
		12A495636E8F8086E17251C0 /* LogStream.h */ = {isa = PBXFileReference; explicitFileType = sourcecode.c.h; fileEncoding = 30; name = LogStream.h; path = ../../../addons/ofxAssimpModelLoader/libs/assimp/include/LogStream.h; sourceTree = SOURCE_ROOT; };
		1AA18353F9701B01731DFADF /* poppack1.h */ = {isa = PBXFileReference; explicitFileType = sourcecode.c.h; fileEncoding = 30; name = poppack1.h; path = ../../../addons/ofxAssimpModelLoader/libs/assimp/include/Compiler/poppack1.h; sourceTree = SOURCE_ROOT; };
		1B2B8DD25BA5CC157BEDBCF0 /* aiColor4D.h */ = {isa = PBXFileReference; explicitFileType = sourcecode.c.h; fileEncoding = 30; name = aiColor4D.h; path = ../../../addons/ofxAssimpModelLoader/libs/assimp/include/aiColor4D.h; sourceTree = SOURCE_ROOT; };
		1EAED5CFFEF5186B86807891 /* aiAssert.h */ = {isa = PBXFileReference; explicitFileType = sourcecode.c.h; fileEncoding = 30; name = aiAssert.h; path = ../../../addons/ofxAssimpModelLoader/libs/assimp/include/aiAssert.h; sourceTree = SOURCE_ROOT; };
		28904A3F685CCE2D22B588E9 /* aiVector2D.h */ = {isa = PBXFileReference; explicitFileType = sourcecode.c.h; fileEncoding = 30; name = aiVector2D.h; path = ../../../addons/ofxAssimpModelLoader/libs/assimp/include/aiVector2D.h; sourceTree = SOURCE_ROOT; };
		2B40EDA85BEB63E46785BC29 /* tinyxml.cpp */ = {isa = PBXFileReference; explicitFileType = sourcecode.cpp.cpp; fileEncoding = 30; name = tinyxml.cpp; path = ../../../addons/ofxXmlSettings/libs/tinyxml.cpp; sourceTree = SOURCE_ROOT; };
		36068D6C1D6D412786A5C4C1 /* ofxAssimpAnimation.cpp */ = {isa = PBXFileReference; explicitFileType = sourcecode.cpp.cpp; fileEncoding = 30; name = ofxAssimpAnimation.cpp; path = ../../../addons/ofxAssimpModelLoader/src/ofxAssimpAnimation.cpp; sourceTree = SOURCE_ROOT; };
		3DBACCA958271ECB22F7AB67 /* aiConfig.h */ = {isa = PBXFileReference; explicitFileType = sourcecode.c.h; fileEncoding = 30; name = aiConfig.h; path = ../../../addons/ofxAssimpModelLoader/libs/assimp/include/aiConfig.h; sourceTree = SOURCE_ROOT; };
		411B9B9BC0591439D8F0B056 /* aiLight.h */ = {isa = PBXFileReference; explicitFileType = sourcecode.c.h; fileEncoding = 30; name = aiLight.h; path = ../../../addons/ofxAssimpModelLoader/libs/assimp/include/aiLight.h; sourceTree = SOURCE_ROOT; };
		4FAE4A0F69A8990513603BDF /* ofxAssimpUtils.h */ = {isa = PBXFileReference; explicitFileType = sourcecode.c.h; fileEncoding = 30; name = ofxAssimpUtils.h; path = ../../../addons/ofxAssimpModelLoader/src/ofxAssimpUtils.h; sourceTree = SOURCE_ROOT; };
		50DF87D612C5AAE17AAFA6C0 /* ofxXmlSettings.cpp */ = {isa = PBXFileReference; explicitFileType = sourcecode.cpp.cpp; fileEncoding = 30; name = ofxXmlSettings.cpp; path = ../../../addons/ofxXmlSettings/src/ofxXmlSettings.cpp; sourceTree = SOURCE_ROOT; };
		53EA0E889F34624CE3313E04 /* assimp.hpp */ = {isa = PBXFileReference; explicitFileType = sourcecode.c.h; fileEncoding = 30; name = assimp.hpp; path = ../../../addons/ofxAssimpModelLoader/libs/assimp/include/assimp.hpp; sourceTree = SOURCE_ROOT; };
		55B81B66E9935717C0FB9141 /* Logger.h */ = {isa = PBXFileReference; explicitFileType = sourcecode.c.h; fileEncoding = 30; name = Logger.h; path = ../../../addons/ofxAssimpModelLoader/libs/assimp/include/Logger.h; sourceTree = SOURCE_ROOT; };
		564045EF0424B7037832D903 /* assimp.h */ = {isa = PBXFileReference; explicitFileType = sourcecode.c.h; fileEncoding = 30; name = assimp.h; path = ../../../addons/ofxAssimpModelLoader/libs/assimp/include/assimp.h; sourceTree = SOURCE_ROOT; };
		5E154CE6EAE1C51E3E6C3AFE /* aiMesh.h */ = {isa = PBXFileReference; explicitFileType = sourcecode.c.h; fileEncoding = 30; name = aiMesh.h; path = ../../../addons/ofxAssimpModelLoader/libs/assimp/include/aiMesh.h; sourceTree = SOURCE_ROOT; };
		65BAC5A3B9C9387859A2B0E0 /* pushpack1.h */ = {isa = PBXFileReference; explicitFileType = sourcecode.c.h; fileEncoding = 30; name = pushpack1.h; path = ../../../addons/ofxAssimpModelLoader/libs/assimp/include/Compiler/pushpack1.h; sourceTree = SOURCE_ROOT; };
		7376E26531D91026464D8C58 /* aiFileIO.h */ = {isa = PBXFileReference; explicitFileType = sourcecode.c.h; fileEncoding = 30; name = aiFileIO.h; path = ../../../addons/ofxAssimpModelLoader/libs/assimp/include/aiFileIO.h; sourceTree = SOURCE_ROOT; };
		7DA8F80A221C83C141FD02B1 /* aiDefines.h */ = {isa = PBXFileReference; explicitFileType = sourcecode.c.h; fileEncoding = 30; name = aiDefines.h; path = ../../../addons/ofxAssimpModelLoader/libs/assimp/include/aiDefines.h; sourceTree = SOURCE_ROOT; };
		7DF381F656E8FD352E21346E /* ofxAssimpModelLoader.h */ = {isa = PBXFileReference; explicitFileType = sourcecode.c.h; fileEncoding = 30; name = ofxAssimpModelLoader.h; path = ../../../addons/ofxAssimpModelLoader/src/ofxAssimpModelLoader.h; sourceTree = SOURCE_ROOT; };
		832BDC407620CDBA568B713D /* tinyxmlerror.cpp */ = {isa = PBXFileReference; explicitFileType = sourcecode.cpp.cpp; fileEncoding = 30; name = tinyxmlerror.cpp; path = ../../../addons/ofxXmlSettings/libs/tinyxmlerror.cpp; sourceTree = SOURCE_ROOT; };
		838B1D2C3319363CF8762B06 /* aiCamera.h */ = {isa = PBXFileReference; explicitFileType = sourcecode.c.h; fileEncoding = 30; name = aiCamera.h; path = ../../../addons/ofxAssimpModelLoader/libs/assimp/include/aiCamera.h; sourceTree = SOURCE_ROOT; };
		8504FF32A0062075B2B34F3C /* aiMatrix3x3.h */ = {isa = PBXFileReference; explicitFileType = sourcecode.c.h; fileEncoding = 30; name = aiMatrix3x3.h; path = ../../../addons/ofxAssimpModelLoader/libs/assimp/include/aiMatrix3x3.h; sourceTree = SOURCE_ROOT; };
		8B473495EAE4247AC1A851F1 /* ofxAssimpTexture.h */ = {isa = PBXFileReference; explicitFileType = sourcecode.c.h; fileEncoding = 30; name = ofxAssimpTexture.h; path = ../../../addons/ofxAssimpModelLoader/src/ofxAssimpTexture.h; sourceTree = SOURCE_ROOT; };
		8EB7E3AA842B22A0D284EA31 /* aiScene.h */ = {isa = PBXFileReference; explicitFileType = sourcecode.c.h; fileEncoding = 30; name = aiScene.h; path = ../../../addons/ofxAssimpModelLoader/libs/assimp/include/aiScene.h; sourceTree = SOURCE_ROOT; };
		8EBBBB59CAED1E54F37C7038 /* IOSystem.h */ = {isa = PBXFileReference; explicitFileType = sourcecode.c.h; fileEncoding = 30; name = IOSystem.h; path = ../../../addons/ofxAssimpModelLoader/libs/assimp/include/IOSystem.h; sourceTree = SOURCE_ROOT; };
		907F2521DC2465DA06C6AF1D /* aiAnim.h */ = {isa = PBXFileReference; explicitFileType = sourcecode.c.h; fileEncoding = 30; name = aiAnim.h; path = ../../../addons/ofxAssimpModelLoader/libs/assimp/include/aiAnim.h; sourceTree = SOURCE_ROOT; };
		922DB53D1A9FE98D004D4A2D /* ofxUI.h */ = {isa = PBXFileReference; lastKnownFileType = sourcecode.c.h; path = ofxUI.h; sourceTree = "<group>"; };
		922DB53E1A9FE98D004D4A2D /* ofxUI2DGraph.cpp */ = {isa = PBXFileReference; lastKnownFileType = sourcecode.cpp.cpp; path = ofxUI2DGraph.cpp; sourceTree = "<group>"; };
		922DB53F1A9FE98D004D4A2D /* ofxUI2DGraph.h */ = {isa = PBXFileReference; lastKnownFileType = sourcecode.c.h; path = ofxUI2DGraph.h; sourceTree = "<group>"; };
		922DB5401A9FE98D004D4A2D /* ofxUI2DPad.cpp */ = {isa = PBXFileReference; lastKnownFileType = sourcecode.cpp.cpp; path = ofxUI2DPad.cpp; sourceTree = "<group>"; };
		922DB5411A9FE98D004D4A2D /* ofxUI2DPad.h */ = {isa = PBXFileReference; lastKnownFileType = sourcecode.c.h; path = ofxUI2DPad.h; sourceTree = "<group>"; };
		922DB5421A9FE98D004D4A2D /* ofxUIBaseDraws.cpp */ = {isa = PBXFileReference; lastKnownFileType = sourcecode.cpp.cpp; path = ofxUIBaseDraws.cpp; sourceTree = "<group>"; };
		922DB5431A9FE98D004D4A2D /* ofxUIBaseDraws.h */ = {isa = PBXFileReference; lastKnownFileType = sourcecode.c.h; path = ofxUIBaseDraws.h; sourceTree = "<group>"; };
		922DB5441A9FE98D004D4A2D /* ofxUIBiLabelSlider.cpp */ = {isa = PBXFileReference; lastKnownFileType = sourcecode.cpp.cpp; path = ofxUIBiLabelSlider.cpp; sourceTree = "<group>"; };
		922DB5451A9FE98D004D4A2D /* ofxUIBiLabelSlider.h */ = {isa = PBXFileReference; lastKnownFileType = sourcecode.c.h; path = ofxUIBiLabelSlider.h; sourceTree = "<group>"; };
		922DB5461A9FE98D004D4A2D /* ofxUIButton.cpp */ = {isa = PBXFileReference; lastKnownFileType = sourcecode.cpp.cpp; path = ofxUIButton.cpp; sourceTree = "<group>"; };
		922DB5471A9FE98D004D4A2D /* ofxUIButton.h */ = {isa = PBXFileReference; lastKnownFileType = sourcecode.c.h; path = ofxUIButton.h; sourceTree = "<group>"; };
		922DB5481A9FE98D004D4A2D /* ofxUICanvas.cpp */ = {isa = PBXFileReference; lastKnownFileType = sourcecode.cpp.cpp; path = ofxUICanvas.cpp; sourceTree = "<group>"; };
		922DB5491A9FE98D004D4A2D /* ofxUICanvas.h */ = {isa = PBXFileReference; lastKnownFileType = sourcecode.c.h; path = ofxUICanvas.h; sourceTree = "<group>"; };
		922DB54A1A9FE98D004D4A2D /* ofxUICircleSlider.cpp */ = {isa = PBXFileReference; lastKnownFileType = sourcecode.cpp.cpp; path = ofxUICircleSlider.cpp; sourceTree = "<group>"; };
		922DB54B1A9FE98D004D4A2D /* ofxUICircleSlider.h */ = {isa = PBXFileReference; lastKnownFileType = sourcecode.c.h; path = ofxUICircleSlider.h; sourceTree = "<group>"; };
		922DB54C1A9FE98D004D4A2D /* ofxUIDefines.h */ = {isa = PBXFileReference; lastKnownFileType = sourcecode.c.h; path = ofxUIDefines.h; sourceTree = "<group>"; };
		922DB54D1A9FE98D004D4A2D /* ofxUIDragableLabelButton.cpp */ = {isa = PBXFileReference; lastKnownFileType = sourcecode.cpp.cpp; path = ofxUIDragableLabelButton.cpp; sourceTree = "<group>"; };
		922DB54E1A9FE98D004D4A2D /* ofxUIDragableLabelButton.h */ = {isa = PBXFileReference; lastKnownFileType = sourcecode.c.h; path = ofxUIDragableLabelButton.h; sourceTree = "<group>"; };
		922DB54F1A9FE98D004D4A2D /* ofxUIDropDownList.cpp */ = {isa = PBXFileReference; lastKnownFileType = sourcecode.cpp.cpp; path = ofxUIDropDownList.cpp; sourceTree = "<group>"; };
		922DB5501A9FE98D004D4A2D /* ofxUIDropDownList.h */ = {isa = PBXFileReference; lastKnownFileType = sourcecode.c.h; path = ofxUIDropDownList.h; sourceTree = "<group>"; };
		922DB5511A9FE98D004D4A2D /* ofxUIEventArgs.cpp */ = {isa = PBXFileReference; lastKnownFileType = sourcecode.cpp.cpp; path = ofxUIEventArgs.cpp; sourceTree = "<group>"; };
		922DB5521A9FE98D004D4A2D /* ofxUIEventArgs.h */ = {isa = PBXFileReference; lastKnownFileType = sourcecode.c.h; path = ofxUIEventArgs.h; sourceTree = "<group>"; };
		922DB5531A9FE98D004D4A2D /* ofxUIFPS.cpp */ = {isa = PBXFileReference; lastKnownFileType = sourcecode.cpp.cpp; path = ofxUIFPS.cpp; sourceTree = "<group>"; };
		922DB5541A9FE98D004D4A2D /* ofxUIFPS.h */ = {isa = PBXFileReference; lastKnownFileType = sourcecode.c.h; path = ofxUIFPS.h; sourceTree = "<group>"; };
		922DB5551A9FE98D004D4A2D /* ofxUIFPSSlider.cpp */ = {isa = PBXFileReference; lastKnownFileType = sourcecode.cpp.cpp; path = ofxUIFPSSlider.cpp; sourceTree = "<group>"; };
		922DB5561A9FE98D004D4A2D /* ofxUIFPSSlider.h */ = {isa = PBXFileReference; lastKnownFileType = sourcecode.c.h; path = ofxUIFPSSlider.h; sourceTree = "<group>"; };
		922DB5571A9FE98D004D4A2D /* ofxUIImage.cpp */ = {isa = PBXFileReference; lastKnownFileType = sourcecode.cpp.cpp; path = ofxUIImage.cpp; sourceTree = "<group>"; };
		922DB5581A9FE98D004D4A2D /* ofxUIImage.h */ = {isa = PBXFileReference; lastKnownFileType = sourcecode.c.h; path = ofxUIImage.h; sourceTree = "<group>"; };
		922DB5591A9FE98D004D4A2D /* ofxUIImageButton.cpp */ = {isa = PBXFileReference; lastKnownFileType = sourcecode.cpp.cpp; path = ofxUIImageButton.cpp; sourceTree = "<group>"; };
		922DB55A1A9FE98D004D4A2D /* ofxUIImageButton.h */ = {isa = PBXFileReference; lastKnownFileType = sourcecode.c.h; path = ofxUIImageButton.h; sourceTree = "<group>"; };
		922DB55B1A9FE98D004D4A2D /* ofxUIImageSampler.cpp */ = {isa = PBXFileReference; lastKnownFileType = sourcecode.cpp.cpp; path = ofxUIImageSampler.cpp; sourceTree = "<group>"; };
		922DB55C1A9FE98D004D4A2D /* ofxUIImageSampler.h */ = {isa = PBXFileReference; lastKnownFileType = sourcecode.c.h; path = ofxUIImageSampler.h; sourceTree = "<group>"; };
		922DB55D1A9FE98D004D4A2D /* ofxUIImageSlider.cpp */ = {isa = PBXFileReference; lastKnownFileType = sourcecode.cpp.cpp; path = ofxUIImageSlider.cpp; sourceTree = "<group>"; };
		922DB55E1A9FE98D004D4A2D /* ofxUIImageSlider.h */ = {isa = PBXFileReference; lastKnownFileType = sourcecode.c.h; path = ofxUIImageSlider.h; sourceTree = "<group>"; };
		922DB55F1A9FE98D004D4A2D /* ofxUIImageToggle.cpp */ = {isa = PBXFileReference; lastKnownFileType = sourcecode.cpp.cpp; path = ofxUIImageToggle.cpp; sourceTree = "<group>"; };
		922DB5601A9FE98D004D4A2D /* ofxUIImageToggle.h */ = {isa = PBXFileReference; lastKnownFileType = sourcecode.c.h; path = ofxUIImageToggle.h; sourceTree = "<group>"; };
		922DB5611A9FE98D004D4A2D /* ofxUILabel.cpp */ = {isa = PBXFileReference; lastKnownFileType = sourcecode.cpp.cpp; path = ofxUILabel.cpp; sourceTree = "<group>"; };
		922DB5621A9FE98D004D4A2D /* ofxUILabel.h */ = {isa = PBXFileReference; lastKnownFileType = sourcecode.c.h; path = ofxUILabel.h; sourceTree = "<group>"; };
		922DB5631A9FE98D004D4A2D /* ofxUILabelButton.cpp */ = {isa = PBXFileReference; lastKnownFileType = sourcecode.cpp.cpp; path = ofxUILabelButton.cpp; sourceTree = "<group>"; };
		922DB5641A9FE98D004D4A2D /* ofxUILabelButton.h */ = {isa = PBXFileReference; lastKnownFileType = sourcecode.c.h; path = ofxUILabelButton.h; sourceTree = "<group>"; };
		922DB5651A9FE98D004D4A2D /* ofxUILabelToggle.cpp */ = {isa = PBXFileReference; lastKnownFileType = sourcecode.cpp.cpp; path = ofxUILabelToggle.cpp; sourceTree = "<group>"; };
		922DB5661A9FE98D004D4A2D /* ofxUILabelToggle.h */ = {isa = PBXFileReference; lastKnownFileType = sourcecode.c.h; path = ofxUILabelToggle.h; sourceTree = "<group>"; };
		922DB5671A9FE98D004D4A2D /* ofxUIMinimalSlider.cpp */ = {isa = PBXFileReference; lastKnownFileType = sourcecode.cpp.cpp; path = ofxUIMinimalSlider.cpp; sourceTree = "<group>"; };
		922DB5681A9FE98D004D4A2D /* ofxUIMinimalSlider.h */ = {isa = PBXFileReference; lastKnownFileType = sourcecode.c.h; path = ofxUIMinimalSlider.h; sourceTree = "<group>"; };
		922DB5691A9FE98D004D4A2D /* ofxUIMovingGraph.cpp */ = {isa = PBXFileReference; lastKnownFileType = sourcecode.cpp.cpp; path = ofxUIMovingGraph.cpp; sourceTree = "<group>"; };
		922DB56A1A9FE98D004D4A2D /* ofxUIMovingGraph.h */ = {isa = PBXFileReference; lastKnownFileType = sourcecode.c.h; path = ofxUIMovingGraph.h; sourceTree = "<group>"; };
		922DB56B1A9FE98D004D4A2D /* ofxUIMultiImageButton.cpp */ = {isa = PBXFileReference; lastKnownFileType = sourcecode.cpp.cpp; path = ofxUIMultiImageButton.cpp; sourceTree = "<group>"; };
		922DB56C1A9FE98D004D4A2D /* ofxUIMultiImageButton.h */ = {isa = PBXFileReference; lastKnownFileType = sourcecode.c.h; path = ofxUIMultiImageButton.h; sourceTree = "<group>"; };
		922DB56D1A9FE98D004D4A2D /* ofxUIMultiImageToggle.cpp */ = {isa = PBXFileReference; lastKnownFileType = sourcecode.cpp.cpp; path = ofxUIMultiImageToggle.cpp; sourceTree = "<group>"; };
		922DB56E1A9FE98D004D4A2D /* ofxUIMultiImageToggle.h */ = {isa = PBXFileReference; lastKnownFileType = sourcecode.c.h; path = ofxUIMultiImageToggle.h; sourceTree = "<group>"; };
		922DB56F1A9FE98D004D4A2D /* ofxUINumberDialer.cpp */ = {isa = PBXFileReference; lastKnownFileType = sourcecode.cpp.cpp; path = ofxUINumberDialer.cpp; sourceTree = "<group>"; };
		922DB5701A9FE98D004D4A2D /* ofxUINumberDialer.h */ = {isa = PBXFileReference; lastKnownFileType = sourcecode.c.h; path = ofxUINumberDialer.h; sourceTree = "<group>"; };
		922DB5711A9FE98D004D4A2D /* ofxUIOFWrapper.h */ = {isa = PBXFileReference; lastKnownFileType = sourcecode.c.h; path = ofxUIOFWrapper.h; sourceTree = "<group>"; };
		922DB5721A9FE98D004D4A2D /* ofxUIRadio.cpp */ = {isa = PBXFileReference; lastKnownFileType = sourcecode.cpp.cpp; path = ofxUIRadio.cpp; sourceTree = "<group>"; };
		922DB5731A9FE98D004D4A2D /* ofxUIRadio.h */ = {isa = PBXFileReference; lastKnownFileType = sourcecode.c.h; path = ofxUIRadio.h; sourceTree = "<group>"; };
		922DB5741A9FE98D004D4A2D /* ofxUIRangeSlider.cpp */ = {isa = PBXFileReference; lastKnownFileType = sourcecode.cpp.cpp; path = ofxUIRangeSlider.cpp; sourceTree = "<group>"; };
		922DB5751A9FE98D004D4A2D /* ofxUIRangeSlider.h */ = {isa = PBXFileReference; lastKnownFileType = sourcecode.c.h; path = ofxUIRangeSlider.h; sourceTree = "<group>"; };
		922DB5761A9FE98D004D4A2D /* ofxUIRectangle.cpp */ = {isa = PBXFileReference; lastKnownFileType = sourcecode.cpp.cpp; path = ofxUIRectangle.cpp; sourceTree = "<group>"; };
		922DB5771A9FE98D004D4A2D /* ofxUIRectangle.h */ = {isa = PBXFileReference; lastKnownFileType = sourcecode.c.h; path = ofxUIRectangle.h; sourceTree = "<group>"; };
		922DB5781A9FE98D004D4A2D /* ofxUIRotarySlider.cpp */ = {isa = PBXFileReference; lastKnownFileType = sourcecode.cpp.cpp; path = ofxUIRotarySlider.cpp; sourceTree = "<group>"; };
		922DB5791A9FE98D004D4A2D /* ofxUIRotarySlider.h */ = {isa = PBXFileReference; lastKnownFileType = sourcecode.c.h; path = ofxUIRotarySlider.h; sourceTree = "<group>"; };
		922DB57A1A9FE98D004D4A2D /* ofxUIScrollableCanvas.cpp */ = {isa = PBXFileReference; lastKnownFileType = sourcecode.cpp.cpp; path = ofxUIScrollableCanvas.cpp; sourceTree = "<group>"; };
		922DB57B1A9FE98D004D4A2D /* ofxUIScrollableCanvas.h */ = {isa = PBXFileReference; lastKnownFileType = sourcecode.c.h; path = ofxUIScrollableCanvas.h; sourceTree = "<group>"; };
		922DB57C1A9FE98D004D4A2D /* ofxUISlider.cpp */ = {isa = PBXFileReference; lastKnownFileType = sourcecode.cpp.cpp; path = ofxUISlider.cpp; sourceTree = "<group>"; };
		922DB57D1A9FE98D004D4A2D /* ofxUISlider.h */ = {isa = PBXFileReference; lastKnownFileType = sourcecode.c.h; path = ofxUISlider.h; sourceTree = "<group>"; };
		922DB57E1A9FE98D004D4A2D /* ofxUISortableList.cpp */ = {isa = PBXFileReference; lastKnownFileType = sourcecode.cpp.cpp; path = ofxUISortableList.cpp; sourceTree = "<group>"; };
		922DB57F1A9FE98D004D4A2D /* ofxUISortableList.h */ = {isa = PBXFileReference; lastKnownFileType = sourcecode.c.h; path = ofxUISortableList.h; sourceTree = "<group>"; };
		922DB5801A9FE98D004D4A2D /* ofxUISpacer.cpp */ = {isa = PBXFileReference; lastKnownFileType = sourcecode.cpp.cpp; path = ofxUISpacer.cpp; sourceTree = "<group>"; };
		922DB5811A9FE98D004D4A2D /* ofxUISpacer.h */ = {isa = PBXFileReference; lastKnownFileType = sourcecode.c.h; path = ofxUISpacer.h; sourceTree = "<group>"; };
		922DB5821A9FE98D004D4A2D /* ofxUISpectrum.cpp */ = {isa = PBXFileReference; lastKnownFileType = sourcecode.cpp.cpp; path = ofxUISpectrum.cpp; sourceTree = "<group>"; };
		922DB5831A9FE98D004D4A2D /* ofxUISpectrum.h */ = {isa = PBXFileReference; lastKnownFileType = sourcecode.c.h; path = ofxUISpectrum.h; sourceTree = "<group>"; };
		922DB5841A9FE98D004D4A2D /* ofxUISuperCanvas.cpp */ = {isa = PBXFileReference; lastKnownFileType = sourcecode.cpp.cpp; path = ofxUISuperCanvas.cpp; sourceTree = "<group>"; };
		922DB5851A9FE98D004D4A2D /* ofxUISuperCanvas.h */ = {isa = PBXFileReference; lastKnownFileType = sourcecode.c.h; path = ofxUISuperCanvas.h; sourceTree = "<group>"; };
		922DB5861A9FE98D004D4A2D /* ofxUITabBar.cpp */ = {isa = PBXFileReference; lastKnownFileType = sourcecode.cpp.cpp; path = ofxUITabBar.cpp; sourceTree = "<group>"; };
		922DB5871A9FE98D004D4A2D /* ofxUITabBar.h */ = {isa = PBXFileReference; lastKnownFileType = sourcecode.c.h; path = ofxUITabBar.h; sourceTree = "<group>"; };
		922DB5881A9FE98D004D4A2D /* ofxUITextArea.cpp */ = {isa = PBXFileReference; lastKnownFileType = sourcecode.cpp.cpp; path = ofxUITextArea.cpp; sourceTree = "<group>"; };
		922DB5891A9FE98D004D4A2D /* ofxUITextArea.h */ = {isa = PBXFileReference; lastKnownFileType = sourcecode.c.h; path = ofxUITextArea.h; sourceTree = "<group>"; };
		922DB58A1A9FE98D004D4A2D /* ofxUITextInput.cpp */ = {isa = PBXFileReference; lastKnownFileType = sourcecode.cpp.cpp; path = ofxUITextInput.cpp; sourceTree = "<group>"; };
		922DB58B1A9FE98D004D4A2D /* ofxUITextInput.h */ = {isa = PBXFileReference; lastKnownFileType = sourcecode.c.h; path = ofxUITextInput.h; sourceTree = "<group>"; };
		922DB58C1A9FE98D004D4A2D /* ofxUIToggle.cpp */ = {isa = PBXFileReference; lastKnownFileType = sourcecode.cpp.cpp; path = ofxUIToggle.cpp; sourceTree = "<group>"; };
		922DB58D1A9FE98D004D4A2D /* ofxUIToggle.h */ = {isa = PBXFileReference; lastKnownFileType = sourcecode.c.h; path = ofxUIToggle.h; sourceTree = "<group>"; };
		922DB58E1A9FE98D004D4A2D /* ofxUIToggleMatrix.cpp */ = {isa = PBXFileReference; lastKnownFileType = sourcecode.cpp.cpp; path = ofxUIToggleMatrix.cpp; sourceTree = "<group>"; };
		922DB58F1A9FE98D004D4A2D /* ofxUIToggleMatrix.h */ = {isa = PBXFileReference; lastKnownFileType = sourcecode.c.h; path = ofxUIToggleMatrix.h; sourceTree = "<group>"; };
		922DB5901A9FE98D004D4A2D /* ofxUIUtils.h */ = {isa = PBXFileReference; lastKnownFileType = sourcecode.c.h; path = ofxUIUtils.h; sourceTree = "<group>"; };
		922DB5911A9FE98D004D4A2D /* ofxUIValuePlotter.cpp */ = {isa = PBXFileReference; lastKnownFileType = sourcecode.cpp.cpp; path = ofxUIValuePlotter.cpp; sourceTree = "<group>"; };
		922DB5921A9FE98D004D4A2D /* ofxUIValuePlotter.h */ = {isa = PBXFileReference; lastKnownFileType = sourcecode.c.h; path = ofxUIValuePlotter.h; sourceTree = "<group>"; };
		922DB5931A9FE98D004D4A2D /* ofxUIWaveform.cpp */ = {isa = PBXFileReference; lastKnownFileType = sourcecode.cpp.cpp; path = ofxUIWaveform.cpp; sourceTree = "<group>"; };
		922DB5941A9FE98D004D4A2D /* ofxUIWaveform.h */ = {isa = PBXFileReference; lastKnownFileType = sourcecode.c.h; path = ofxUIWaveform.h; sourceTree = "<group>"; };
		922DB5951A9FE98D004D4A2D /* ofxUIWidget.cpp */ = {isa = PBXFileReference; lastKnownFileType = sourcecode.cpp.cpp; path = ofxUIWidget.cpp; sourceTree = "<group>"; };
		922DB5961A9FE98D004D4A2D /* ofxUIWidget.h */ = {isa = PBXFileReference; lastKnownFileType = sourcecode.c.h; path = ofxUIWidget.h; sourceTree = "<group>"; };
		922DB5971A9FE98D004D4A2D /* ofxUIWidgets.h */ = {isa = PBXFileReference; lastKnownFileType = sourcecode.c.h; path = ofxUIWidgets.h; sourceTree = "<group>"; };
		922DB5981A9FE98D004D4A2D /* ofxUIWidgetWithLabel.cpp */ = {isa = PBXFileReference; lastKnownFileType = sourcecode.cpp.cpp; path = ofxUIWidgetWithLabel.cpp; sourceTree = "<group>"; };
		922DB5991A9FE98D004D4A2D /* ofxUIWidgetWithLabel.h */ = {isa = PBXFileReference; lastKnownFileType = sourcecode.c.h; path = ofxUIWidgetWithLabel.h; sourceTree = "<group>"; };
		922DB59A1A9FE98D004D4A2D /* ofxUIWrapper.h */ = {isa = PBXFileReference; lastKnownFileType = sourcecode.c.h; path = ofxUIWrapper.h; sourceTree = "<group>"; };
		922DB5C91A9FF0AA004D4A2D /* OSXWindow.h */ = {isa = PBXFileReference; fileEncoding = 4; lastKnownFileType = sourcecode.c.h; name = OSXWindow.h; path = osx/OSXWindow.h; sourceTree = "<group>"; };
		922DB5CB1A9FF0C3004D4A2D /* OSXWindow.mm */ = {isa = PBXFileReference; fileEncoding = 4; lastKnownFileType = sourcecode.cpp.objcpp; name = OSXWindow.mm; path = osx/OSXWindow.mm; sourceTree = "<group>"; };
		9246C7AA1AA1377000F15D26 /* OSXReceiver.h */ = {isa = PBXFileReference; fileEncoding = 4; lastKnownFileType = sourcecode.c.h; name = OSXReceiver.h; path = osx/OSXReceiver.h; sourceTree = "<group>"; };
		9299B7411A71C52100F43260 /* ofxGrabCam.cpp */ = {isa = PBXFileReference; fileEncoding = 4; lastKnownFileType = sourcecode.cpp.cpp; path = ofxGrabCam.cpp; sourceTree = "<group>"; };
		9299B7421A71C52100F43260 /* ofxGrabCam.h */ = {isa = PBXFileReference; fileEncoding = 4; lastKnownFileType = sourcecode.c.h; path = ofxGrabCam.h; sourceTree = "<group>"; };
		9299B7451A71ECA500F43260 /* Camera.h */ = {isa = PBXFileReference; fileEncoding = 4; lastKnownFileType = sourcecode.c.h; path = Camera.h; sourceTree = "<group>"; };
		92A7264B1A6E2404000DC416 /* README.md */ = {isa = PBXFileReference; fileEncoding = 4; lastKnownFileType = net.daringfireball.markdown; path = README.md; sourceTree = "<group>"; };
		92A7269E1A6E2717000DC416 /* Syphon.framework */ = {isa = PBXFileReference; lastKnownFileType = wrapper.framework; path = Syphon.framework; sourceTree = "<group>"; };
		92A726A01A6E2717000DC416 /* SyphonNameboundClient.h */ = {isa = PBXFileReference; lastKnownFileType = sourcecode.c.h; path = SyphonNameboundClient.h; sourceTree = "<group>"; };
		92A726A11A6E2717000DC416 /* SyphonNameboundClient.m */ = {isa = PBXFileReference; lastKnownFileType = sourcecode.c.objc; path = SyphonNameboundClient.m; sourceTree = "<group>"; };
		92A726A51A6E2717000DC416 /* ofxSyphon.h */ = {isa = PBXFileReference; lastKnownFileType = sourcecode.c.h; path = ofxSyphon.h; sourceTree = "<group>"; };
		92A726A61A6E2717000DC416 /* ofxSyphonClient.h */ = {isa = PBXFileReference; lastKnownFileType = sourcecode.c.h; path = ofxSyphonClient.h; sourceTree = "<group>"; };
		92A726A71A6E2717000DC416 /* ofxSyphonClient.mm */ = {isa = PBXFileReference; lastKnownFileType = sourcecode.cpp.objcpp; path = ofxSyphonClient.mm; sourceTree = "<group>"; };
		92A726A81A6E2717000DC416 /* ofxSyphonServer.h */ = {isa = PBXFileReference; lastKnownFileType = sourcecode.c.h; path = ofxSyphonServer.h; sourceTree = "<group>"; };
		92A726A91A6E2717000DC416 /* ofxSyphonServer.mm */ = {isa = PBXFileReference; lastKnownFileType = sourcecode.cpp.objcpp; path = ofxSyphonServer.mm; sourceTree = "<group>"; };
		92A726AA1A6E2717000DC416 /* ofxSyphonServerDirectory.h */ = {isa = PBXFileReference; lastKnownFileType = sourcecode.c.h; path = ofxSyphonServerDirectory.h; sourceTree = "<group>"; };
		92A726AB1A6E2717000DC416 /* ofxSyphonServerDirectory.mm */ = {isa = PBXFileReference; lastKnownFileType = sourcecode.cpp.objcpp; path = ofxSyphonServerDirectory.mm; sourceTree = "<group>"; };
		92A726B31A6E275F000DC416 /* Syphon.framework */ = {isa = PBXFileReference; lastKnownFileType = wrapper.framework; name = Syphon.framework; path = ../../../addons/ofxSyphon/libs/Syphon/lib/osx/Syphon.framework; sourceTree = "<group>"; };
		92C0B16B1A6E2B96000B0EA4 /* ofAppUtils.cpp */ = {isa = PBXFileReference; fileEncoding = 4; lastKnownFileType = sourcecode.cpp.cpp; path = ofAppUtils.cpp; sourceTree = "<group>"; };
		9812AB5B873DCE671EDD4E6D /* aiTypes.h */ = {isa = PBXFileReference; explicitFileType = sourcecode.c.h; fileEncoding = 30; name = aiTypes.h; path = ../../../addons/ofxAssimpModelLoader/libs/assimp/include/aiTypes.h; sourceTree = SOURCE_ROOT; };
		9D3FBFBCC1EE3203C85613CC /* DefaultLogger.h */ = {isa = PBXFileReference; explicitFileType = sourcecode.c.h; fileEncoding = 30; name = DefaultLogger.h; path = ../../../addons/ofxAssimpModelLoader/libs/assimp/include/DefaultLogger.h; sourceTree = SOURCE_ROOT; };
		B170EE628BE77202946345E5 /* aiPostProcess.h */ = {isa = PBXFileReference; explicitFileType = sourcecode.c.h; fileEncoding = 30; name = aiPostProcess.h; path = ../../../addons/ofxAssimpModelLoader/libs/assimp/include/aiPostProcess.h; sourceTree = SOURCE_ROOT; };
		B21E7E5F548EEA92F368040B /* tinyxml.h */ = {isa = PBXFileReference; explicitFileType = sourcecode.c.h; fileEncoding = 30; name = tinyxml.h; path = ../../../addons/ofxXmlSettings/libs/tinyxml.h; sourceTree = SOURCE_ROOT; };
		B6F2EE44AD04FF549AB13699 /* ofxAssimpTexture.cpp */ = {isa = PBXFileReference; explicitFileType = sourcecode.cpp.cpp; fileEncoding = 30; name = ofxAssimpTexture.cpp; path = ../../../addons/ofxAssimpModelLoader/src/ofxAssimpTexture.cpp; sourceTree = SOURCE_ROOT; };
		BBAB23BE13894E4700AA2426 /* GLUT.framework */ = {isa = PBXFileReference; lastKnownFileType = wrapper.framework; name = GLUT.framework; path = ../../../libs/glut/lib/osx/GLUT.framework; sourceTree = "<group>"; };
		C5527EA29F52FFA0C868E1B9 /* NullLogger.h */ = {isa = PBXFileReference; explicitFileType = sourcecode.c.h; fileEncoding = 30; name = NullLogger.h; path = ../../../addons/ofxAssimpModelLoader/libs/assimp/include/NullLogger.h; sourceTree = SOURCE_ROOT; };
		C72403EDCB7DCAEC60D1DCDD /* aiVersion.h */ = {isa = PBXFileReference; explicitFileType = sourcecode.c.h; fileEncoding = 30; name = aiVersion.h; path = ../../../addons/ofxAssimpModelLoader/libs/assimp/include/aiVersion.h; sourceTree = SOURCE_ROOT; };
		C878437FC072E5D613F2495A /* aiTexture.h */ = {isa = PBXFileReference; explicitFileType = sourcecode.c.h; fileEncoding = 30; name = aiTexture.h; path = ../../../addons/ofxAssimpModelLoader/libs/assimp/include/aiTexture.h; sourceTree = SOURCE_ROOT; };
		CB6E898FB329C46EC3DEF461 /* aiMatrix4x4.h */ = {isa = PBXFileReference; explicitFileType = sourcecode.c.h; fileEncoding = 30; name = aiMatrix4x4.h; path = ../../../addons/ofxAssimpModelLoader/libs/assimp/include/aiMatrix4x4.h; sourceTree = SOURCE_ROOT; };
		CC940533E79102644E0EBA55 /* IOStream.h */ = {isa = PBXFileReference; explicitFileType = sourcecode.c.h; fileEncoding = 30; name = IOStream.h; path = ../../../addons/ofxAssimpModelLoader/libs/assimp/include/IOStream.h; sourceTree = SOURCE_ROOT; };
		DA9359F0F209E6A0B17DDB7D /* aiQuaternion.h */ = {isa = PBXFileReference; explicitFileType = sourcecode.c.h; fileEncoding = 30; name = aiQuaternion.h; path = ../../../addons/ofxAssimpModelLoader/libs/assimp/include/aiQuaternion.h; sourceTree = SOURCE_ROOT; };
		E15A2AA8D846B3107AACC31E /* aiVector3D.h */ = {isa = PBXFileReference; explicitFileType = sourcecode.c.h; fileEncoding = 30; name = aiVector3D.h; path = ../../../addons/ofxAssimpModelLoader/libs/assimp/include/aiVector3D.h; sourceTree = SOURCE_ROOT; };
		E4328143138ABC890047C5CB /* openFrameworksLib.xcodeproj */ = {isa = PBXFileReference; lastKnownFileType = "wrapper.pb-project"; name = openFrameworksLib.xcodeproj; path = ../../../libs/openFrameworksCompiled/project/osx/openFrameworksLib.xcodeproj; sourceTree = SOURCE_ROOT; };
		E45BE9710E8CC7DD009D7055 /* AGL.framework */ = {isa = PBXFileReference; lastKnownFileType = wrapper.framework; name = AGL.framework; path = /System/Library/Frameworks/AGL.framework; sourceTree = "<absolute>"; };
		E45BE9720E8CC7DD009D7055 /* ApplicationServices.framework */ = {isa = PBXFileReference; lastKnownFileType = wrapper.framework; name = ApplicationServices.framework; path = /System/Library/Frameworks/ApplicationServices.framework; sourceTree = "<absolute>"; };
		E45BE9730E8CC7DD009D7055 /* AudioToolbox.framework */ = {isa = PBXFileReference; lastKnownFileType = wrapper.framework; name = AudioToolbox.framework; path = /System/Library/Frameworks/AudioToolbox.framework; sourceTree = "<absolute>"; };
		E45BE9750E8CC7DD009D7055 /* CoreAudio.framework */ = {isa = PBXFileReference; lastKnownFileType = wrapper.framework; name = CoreAudio.framework; path = /System/Library/Frameworks/CoreAudio.framework; sourceTree = "<absolute>"; };
		E45BE9760E8CC7DD009D7055 /* CoreFoundation.framework */ = {isa = PBXFileReference; lastKnownFileType = wrapper.framework; name = CoreFoundation.framework; path = /System/Library/Frameworks/CoreFoundation.framework; sourceTree = "<absolute>"; };
		E45BE9770E8CC7DD009D7055 /* CoreServices.framework */ = {isa = PBXFileReference; lastKnownFileType = wrapper.framework; name = CoreServices.framework; path = /System/Library/Frameworks/CoreServices.framework; sourceTree = "<absolute>"; };
		E45BE9790E8CC7DD009D7055 /* OpenGL.framework */ = {isa = PBXFileReference; lastKnownFileType = wrapper.framework; name = OpenGL.framework; path = /System/Library/Frameworks/OpenGL.framework; sourceTree = "<absolute>"; };
		E45BE97A0E8CC7DD009D7055 /* QuickTime.framework */ = {isa = PBXFileReference; lastKnownFileType = wrapper.framework; name = QuickTime.framework; path = /System/Library/Frameworks/QuickTime.framework; sourceTree = "<absolute>"; };
		E4B69B5B0A3A1756003C02F2 /* VirtualMapperDebug.app */ = {isa = PBXFileReference; explicitFileType = wrapper.application; includeInIndex = 0; path = VirtualMapperDebug.app; sourceTree = BUILT_PRODUCTS_DIR; };
		E4B69E1D0A3A1BDC003C02F2 /* main.cpp */ = {isa = PBXFileReference; fileEncoding = 30; lastKnownFileType = sourcecode.cpp.cpp; name = main.cpp; path = src/main.cpp; sourceTree = SOURCE_ROOT; };
		E4B69E1E0A3A1BDC003C02F2 /* ofApp.cpp */ = {isa = PBXFileReference; explicitFileType = sourcecode.cpp.objcpp; fileEncoding = 30; name = ofApp.cpp; path = src/ofApp.cpp; sourceTree = SOURCE_ROOT; };
		E4B69E1F0A3A1BDC003C02F2 /* ofApp.h */ = {isa = PBXFileReference; fileEncoding = 30; lastKnownFileType = sourcecode.c.h; name = ofApp.h; path = src/ofApp.h; sourceTree = SOURCE_ROOT; };
		E4B6FCAD0C3E899E008CF71C /* openFrameworks-Info.plist */ = {isa = PBXFileReference; fileEncoding = 30; lastKnownFileType = text.plist.xml; path = "openFrameworks-Info.plist"; sourceTree = "<group>"; };
		E4C2424410CC5A17004149E2 /* AppKit.framework */ = {isa = PBXFileReference; lastKnownFileType = wrapper.framework; name = AppKit.framework; path = /System/Library/Frameworks/AppKit.framework; sourceTree = "<absolute>"; };
		E4C2424510CC5A17004149E2 /* Cocoa.framework */ = {isa = PBXFileReference; lastKnownFileType = wrapper.framework; name = Cocoa.framework; path = /System/Library/Frameworks/Cocoa.framework; sourceTree = "<absolute>"; };
		E4C2424610CC5A17004149E2 /* IOKit.framework */ = {isa = PBXFileReference; lastKnownFileType = wrapper.framework; name = IOKit.framework; path = /System/Library/Frameworks/IOKit.framework; sourceTree = "<absolute>"; };
		E4EB691F138AFCF100A09F29 /* CoreOF.xcconfig */ = {isa = PBXFileReference; fileEncoding = 4; lastKnownFileType = text.xcconfig; name = CoreOF.xcconfig; path = ../../../libs/openFrameworksCompiled/project/osx/CoreOF.xcconfig; sourceTree = SOURCE_ROOT; };
		E4EB6923138AFD0F00A09F29 /* Project.xcconfig */ = {isa = PBXFileReference; fileEncoding = 4; lastKnownFileType = text.xcconfig; path = Project.xcconfig; sourceTree = "<group>"; };
		E7E077E415D3B63C0020DFD4 /* CoreVideo.framework */ = {isa = PBXFileReference; lastKnownFileType = wrapper.framework; name = CoreVideo.framework; path = /System/Library/Frameworks/CoreVideo.framework; sourceTree = "<absolute>"; };
		E7E077E715D3B6510020DFD4 /* QTKit.framework */ = {isa = PBXFileReference; lastKnownFileType = wrapper.framework; name = QTKit.framework; path = /System/Library/Frameworks/QTKit.framework; sourceTree = "<absolute>"; };
		E7F985F515E0DE99003869B5 /* Accelerate.framework */ = {isa = PBXFileReference; lastKnownFileType = wrapper.framework; name = Accelerate.framework; path = /System/Library/Frameworks/Accelerate.framework; sourceTree = "<absolute>"; };
		EA83DF139B3F2085C1A56C49 /* ofxAssimpAnimation.h */ = {isa = PBXFileReference; explicitFileType = sourcecode.c.h; fileEncoding = 30; name = ofxAssimpAnimation.h; path = ../../../addons/ofxAssimpModelLoader/src/ofxAssimpAnimation.h; sourceTree = SOURCE_ROOT; };
		EDE55D82BD962DAC0E94B708 /* ofxAssimpModelLoader.cpp */ = {isa = PBXFileReference; explicitFileType = sourcecode.cpp.cpp; fileEncoding = 30; name = ofxAssimpModelLoader.cpp; path = ../../../addons/ofxAssimpModelLoader/src/ofxAssimpModelLoader.cpp; sourceTree = SOURCE_ROOT; };
		F0BBBD032D905D92679D83E6 /* ofxAssimpMeshHelper.h */ = {isa = PBXFileReference; explicitFileType = sourcecode.c.h; fileEncoding = 30; name = ofxAssimpMeshHelper.h; path = ../../../addons/ofxAssimpModelLoader/src/ofxAssimpMeshHelper.h; sourceTree = SOURCE_ROOT; };
		F67FE68E327BEFBD4B777571 /* ofxAssimpMeshHelper.cpp */ = {isa = PBXFileReference; explicitFileType = sourcecode.cpp.cpp; fileEncoding = 30; name = ofxAssimpMeshHelper.cpp; path = ../../../addons/ofxAssimpModelLoader/src/ofxAssimpMeshHelper.cpp; sourceTree = SOURCE_ROOT; };
		F82EF0C060CBDAC33AB84F27 /* aiMaterial.h */ = {isa = PBXFileReference; explicitFileType = sourcecode.c.h; fileEncoding = 30; name = aiMaterial.h; path = ../../../addons/ofxAssimpModelLoader/libs/assimp/include/aiMaterial.h; sourceTree = SOURCE_ROOT; };
		FC5DA1C87211D4F6377DA719 /* tinyxmlparser.cpp */ = {isa = PBXFileReference; explicitFileType = sourcecode.cpp.cpp; fileEncoding = 30; name = tinyxmlparser.cpp; path = ../../../addons/ofxXmlSettings/libs/tinyxmlparser.cpp; sourceTree = SOURCE_ROOT; };
/* End PBXFileReference section */

/* Begin PBXFrameworksBuildPhase section */
		E4B69B590A3A1756003C02F2 /* Frameworks */ = {
			isa = PBXFrameworksBuildPhase;
			buildActionMask = 2147483647;
			files = (
				92A726B81A6E2888000DC416 /* Syphon.framework in Frameworks */,
				E7F985F815E0DEA3003869B5 /* Accelerate.framework in Frameworks */,
				E7E077E815D3B6510020DFD4 /* QTKit.framework in Frameworks */,
				E4EB6799138ADC1D00A09F29 /* GLUT.framework in Frameworks */,
				E4328149138ABC9F0047C5CB /* openFrameworksDebug.a in Frameworks */,
				E45BE97B0E8CC7DD009D7055 /* AGL.framework in Frameworks */,
				E45BE97C0E8CC7DD009D7055 /* ApplicationServices.framework in Frameworks */,
				E45BE97D0E8CC7DD009D7055 /* AudioToolbox.framework in Frameworks */,
				E45BE97F0E8CC7DD009D7055 /* CoreAudio.framework in Frameworks */,
				E45BE9800E8CC7DD009D7055 /* CoreFoundation.framework in Frameworks */,
				E45BE9810E8CC7DD009D7055 /* CoreServices.framework in Frameworks */,
				E45BE9830E8CC7DD009D7055 /* OpenGL.framework in Frameworks */,
				E45BE9840E8CC7DD009D7055 /* QuickTime.framework in Frameworks */,
				E4C2424710CC5A17004149E2 /* AppKit.framework in Frameworks */,
				E4C2424810CC5A17004149E2 /* Cocoa.framework in Frameworks */,
				E4C2424910CC5A17004149E2 /* IOKit.framework in Frameworks */,
				E7E077E515D3B63C0020DFD4 /* CoreVideo.framework in Frameworks */,
			);
			runOnlyForDeploymentPostprocessing = 0;
		};
/* End PBXFrameworksBuildPhase section */

/* Begin PBXGroup section */
		1F4FB5C423662B96ADFDCC0B /* ofxXmlSettings */ = {
			isa = PBXGroup;
			children = (
				6ECEF0D76BC33727823EADFF /* src */,
				6E54289412D2D94F45A05113 /* libs */,
			);
			name = ofxXmlSettings;
			sourceTree = "<group>";
		};
		2C8F245ACBE61E28646C17F2 /* ofxAssimpModelLoader */ = {
			isa = PBXGroup;
			children = (
				9D99F547CA5C0ECCB9EB9806 /* src */,
				C721A9AF1157766AFE54645E /* libs */,
			);
			name = ofxAssimpModelLoader;
			sourceTree = "<group>";
		};
		59905D957FDE48902CF1F729 /* assimp */ = {
			isa = PBXGroup;
			children = (
				EEFDD7AE0009AE6F77EF2A93 /* include */,
			);
			name = assimp;
			sourceTree = "<group>";
		};
		6E54289412D2D94F45A05113 /* libs */ = {
			isa = PBXGroup;
			children = (
				2B40EDA85BEB63E46785BC29 /* tinyxml.cpp */,
				B21E7E5F548EEA92F368040B /* tinyxml.h */,
				832BDC407620CDBA568B713D /* tinyxmlerror.cpp */,
				FC5DA1C87211D4F6377DA719 /* tinyxmlparser.cpp */,
			);
			name = libs;
			sourceTree = "<group>";
		};
		6ECEF0D76BC33727823EADFF /* src */ = {
			isa = PBXGroup;
			children = (
				50DF87D612C5AAE17AAFA6C0 /* ofxXmlSettings.cpp */,
				01DCC0911400F9ACF5B65578 /* ofxXmlSettings.h */,
			);
			name = src;
			sourceTree = "<group>";
		};
		922DB53B1A9FE98D004D4A2D /* ofxUI */ = {
			isa = PBXGroup;
			children = (
				922DB53C1A9FE98D004D4A2D /* src */,
			);
			name = ofxUI;
			sourceTree = "<group>";
		};
		922DB53C1A9FE98D004D4A2D /* src */ = {
			isa = PBXGroup;
			children = (
				922DB53D1A9FE98D004D4A2D /* ofxUI.h */,
				922DB53E1A9FE98D004D4A2D /* ofxUI2DGraph.cpp */,
				922DB53F1A9FE98D004D4A2D /* ofxUI2DGraph.h */,
				922DB5401A9FE98D004D4A2D /* ofxUI2DPad.cpp */,
				922DB5411A9FE98D004D4A2D /* ofxUI2DPad.h */,
				922DB5421A9FE98D004D4A2D /* ofxUIBaseDraws.cpp */,
				922DB5431A9FE98D004D4A2D /* ofxUIBaseDraws.h */,
				922DB5441A9FE98D004D4A2D /* ofxUIBiLabelSlider.cpp */,
				922DB5451A9FE98D004D4A2D /* ofxUIBiLabelSlider.h */,
				922DB5461A9FE98D004D4A2D /* ofxUIButton.cpp */,
				922DB5471A9FE98D004D4A2D /* ofxUIButton.h */,
				922DB5481A9FE98D004D4A2D /* ofxUICanvas.cpp */,
				922DB5491A9FE98D004D4A2D /* ofxUICanvas.h */,
				922DB54A1A9FE98D004D4A2D /* ofxUICircleSlider.cpp */,
				922DB54B1A9FE98D004D4A2D /* ofxUICircleSlider.h */,
				922DB54C1A9FE98D004D4A2D /* ofxUIDefines.h */,
				922DB54D1A9FE98D004D4A2D /* ofxUIDragableLabelButton.cpp */,
				922DB54E1A9FE98D004D4A2D /* ofxUIDragableLabelButton.h */,
				922DB54F1A9FE98D004D4A2D /* ofxUIDropDownList.cpp */,
				922DB5501A9FE98D004D4A2D /* ofxUIDropDownList.h */,
				922DB5511A9FE98D004D4A2D /* ofxUIEventArgs.cpp */,
				922DB5521A9FE98D004D4A2D /* ofxUIEventArgs.h */,
				922DB5531A9FE98D004D4A2D /* ofxUIFPS.cpp */,
				922DB5541A9FE98D004D4A2D /* ofxUIFPS.h */,
				922DB5551A9FE98D004D4A2D /* ofxUIFPSSlider.cpp */,
				922DB5561A9FE98D004D4A2D /* ofxUIFPSSlider.h */,
				922DB5571A9FE98D004D4A2D /* ofxUIImage.cpp */,
				922DB5581A9FE98D004D4A2D /* ofxUIImage.h */,
				922DB5591A9FE98D004D4A2D /* ofxUIImageButton.cpp */,
				922DB55A1A9FE98D004D4A2D /* ofxUIImageButton.h */,
				922DB55B1A9FE98D004D4A2D /* ofxUIImageSampler.cpp */,
				922DB55C1A9FE98D004D4A2D /* ofxUIImageSampler.h */,
				922DB55D1A9FE98D004D4A2D /* ofxUIImageSlider.cpp */,
				922DB55E1A9FE98D004D4A2D /* ofxUIImageSlider.h */,
				922DB55F1A9FE98D004D4A2D /* ofxUIImageToggle.cpp */,
				922DB5601A9FE98D004D4A2D /* ofxUIImageToggle.h */,
				922DB5611A9FE98D004D4A2D /* ofxUILabel.cpp */,
				922DB5621A9FE98D004D4A2D /* ofxUILabel.h */,
				922DB5631A9FE98D004D4A2D /* ofxUILabelButton.cpp */,
				922DB5641A9FE98D004D4A2D /* ofxUILabelButton.h */,
				922DB5651A9FE98D004D4A2D /* ofxUILabelToggle.cpp */,
				922DB5661A9FE98D004D4A2D /* ofxUILabelToggle.h */,
				922DB5671A9FE98D004D4A2D /* ofxUIMinimalSlider.cpp */,
				922DB5681A9FE98D004D4A2D /* ofxUIMinimalSlider.h */,
				922DB5691A9FE98D004D4A2D /* ofxUIMovingGraph.cpp */,
				922DB56A1A9FE98D004D4A2D /* ofxUIMovingGraph.h */,
				922DB56B1A9FE98D004D4A2D /* ofxUIMultiImageButton.cpp */,
				922DB56C1A9FE98D004D4A2D /* ofxUIMultiImageButton.h */,
				922DB56D1A9FE98D004D4A2D /* ofxUIMultiImageToggle.cpp */,
				922DB56E1A9FE98D004D4A2D /* ofxUIMultiImageToggle.h */,
				922DB56F1A9FE98D004D4A2D /* ofxUINumberDialer.cpp */,
				922DB5701A9FE98D004D4A2D /* ofxUINumberDialer.h */,
				922DB5711A9FE98D004D4A2D /* ofxUIOFWrapper.h */,
				922DB5721A9FE98D004D4A2D /* ofxUIRadio.cpp */,
				922DB5731A9FE98D004D4A2D /* ofxUIRadio.h */,
				922DB5741A9FE98D004D4A2D /* ofxUIRangeSlider.cpp */,
				922DB5751A9FE98D004D4A2D /* ofxUIRangeSlider.h */,
				922DB5761A9FE98D004D4A2D /* ofxUIRectangle.cpp */,
				922DB5771A9FE98D004D4A2D /* ofxUIRectangle.h */,
				922DB5781A9FE98D004D4A2D /* ofxUIRotarySlider.cpp */,
				922DB5791A9FE98D004D4A2D /* ofxUIRotarySlider.h */,
				922DB57A1A9FE98D004D4A2D /* ofxUIScrollableCanvas.cpp */,
				922DB57B1A9FE98D004D4A2D /* ofxUIScrollableCanvas.h */,
				922DB57C1A9FE98D004D4A2D /* ofxUISlider.cpp */,
				922DB57D1A9FE98D004D4A2D /* ofxUISlider.h */,
				922DB57E1A9FE98D004D4A2D /* ofxUISortableList.cpp */,
				922DB57F1A9FE98D004D4A2D /* ofxUISortableList.h */,
				922DB5801A9FE98D004D4A2D /* ofxUISpacer.cpp */,
				922DB5811A9FE98D004D4A2D /* ofxUISpacer.h */,
				922DB5821A9FE98D004D4A2D /* ofxUISpectrum.cpp */,
				922DB5831A9FE98D004D4A2D /* ofxUISpectrum.h */,
				922DB5841A9FE98D004D4A2D /* ofxUISuperCanvas.cpp */,
				922DB5851A9FE98D004D4A2D /* ofxUISuperCanvas.h */,
				922DB5861A9FE98D004D4A2D /* ofxUITabBar.cpp */,
				922DB5871A9FE98D004D4A2D /* ofxUITabBar.h */,
				922DB5881A9FE98D004D4A2D /* ofxUITextArea.cpp */,
				922DB5891A9FE98D004D4A2D /* ofxUITextArea.h */,
				922DB58A1A9FE98D004D4A2D /* ofxUITextInput.cpp */,
				922DB58B1A9FE98D004D4A2D /* ofxUITextInput.h */,
				922DB58C1A9FE98D004D4A2D /* ofxUIToggle.cpp */,
				922DB58D1A9FE98D004D4A2D /* ofxUIToggle.h */,
				922DB58E1A9FE98D004D4A2D /* ofxUIToggleMatrix.cpp */,
				922DB58F1A9FE98D004D4A2D /* ofxUIToggleMatrix.h */,
				922DB5901A9FE98D004D4A2D /* ofxUIUtils.h */,
				922DB5911A9FE98D004D4A2D /* ofxUIValuePlotter.cpp */,
				922DB5921A9FE98D004D4A2D /* ofxUIValuePlotter.h */,
				922DB5931A9FE98D004D4A2D /* ofxUIWaveform.cpp */,
				922DB5941A9FE98D004D4A2D /* ofxUIWaveform.h */,
				922DB5951A9FE98D004D4A2D /* ofxUIWidget.cpp */,
				922DB5961A9FE98D004D4A2D /* ofxUIWidget.h */,
				922DB5971A9FE98D004D4A2D /* ofxUIWidgets.h */,
				922DB5981A9FE98D004D4A2D /* ofxUIWidgetWithLabel.cpp */,
				922DB5991A9FE98D004D4A2D /* ofxUIWidgetWithLabel.h */,
				922DB59A1A9FE98D004D4A2D /* ofxUIWrapper.h */,
			);
			name = src;
			path = ../../../addons/ofxUI/src;
			sourceTree = "<group>";
		};
		922DB5CA1A9FF0B1004D4A2D /* osx */ = {
			isa = PBXGroup;
			children = (
				9246C7AA1AA1377000F15D26 /* OSXReceiver.h */,
				922DB5CB1A9FF0C3004D4A2D /* OSXWindow.mm */,
				922DB5C91A9FF0AA004D4A2D /* OSXWindow.h */,
			);
			name = osx;
			sourceTree = "<group>";
		};
		923674C21A71C1C10046F93D /* ofxGrabCam */ = {
			isa = PBXGroup;
			children = (
				9299B7401A71C52100F43260 /* src */,
			);
			name = ofxGrabCam;
			sourceTree = "<group>";
		};
		9299B7401A71C52100F43260 /* src */ = {
			isa = PBXGroup;
			children = (
				9299B7411A71C52100F43260 /* ofxGrabCam.cpp */,
				9299B7421A71C52100F43260 /* ofxGrabCam.h */,
			);
			name = src;
			path = ../../../addons/ofxGrabCam/src;
			sourceTree = "<group>";
		};
		92A726821A6E2717000DC416 /* ofxSyphon */ = {
			isa = PBXGroup;
			children = (
				92A7269A1A6E2717000DC416 /* libs */,
				92A726A41A6E2717000DC416 /* src */,
			);
			name = ofxSyphon;
			path = ../../../addons/ofxSyphon;
			sourceTree = "<group>";
		};
		92A7269A1A6E2717000DC416 /* libs */ = {
			isa = PBXGroup;
			children = (
				92A7269B1A6E2717000DC416 /* Syphon */,
			);
			path = libs;
			sourceTree = "<group>";
		};
		92A7269B1A6E2717000DC416 /* Syphon */ = {
			isa = PBXGroup;
			children = (
				92A7269C1A6E2717000DC416 /* lib */,
				92A7269F1A6E2717000DC416 /* src */,
			);
			path = Syphon;
			sourceTree = "<group>";
		};
		92A7269C1A6E2717000DC416 /* lib */ = {
			isa = PBXGroup;
			children = (
				92A7269D1A6E2717000DC416 /* osx */,
			);
			path = lib;
			sourceTree = "<group>";
		};
		92A7269D1A6E2717000DC416 /* osx */ = {
			isa = PBXGroup;
			children = (
				92A7269E1A6E2717000DC416 /* Syphon.framework */,
			);
			path = osx;
			sourceTree = "<group>";
		};
		92A7269F1A6E2717000DC416 /* src */ = {
			isa = PBXGroup;
			children = (
				92A726A01A6E2717000DC416 /* SyphonNameboundClient.h */,
				92A726A11A6E2717000DC416 /* SyphonNameboundClient.m */,
			);
			path = src;
			sourceTree = "<group>";
		};
		92A726A41A6E2717000DC416 /* src */ = {
			isa = PBXGroup;
			children = (
				92A726A51A6E2717000DC416 /* ofxSyphon.h */,
				92A726A61A6E2717000DC416 /* ofxSyphonClient.h */,
				92A726A71A6E2717000DC416 /* ofxSyphonClient.mm */,
				92A726A81A6E2717000DC416 /* ofxSyphonServer.h */,
				92A726A91A6E2717000DC416 /* ofxSyphonServer.mm */,
				92A726AA1A6E2717000DC416 /* ofxSyphonServerDirectory.h */,
				92A726AB1A6E2717000DC416 /* ofxSyphonServerDirectory.mm */,
			);
			path = src;
			sourceTree = "<group>";
		};
		93A9152986A73DA32DBD7964 /* Compiler */ = {
			isa = PBXGroup;
			children = (
				1AA18353F9701B01731DFADF /* poppack1.h */,
				65BAC5A3B9C9387859A2B0E0 /* pushpack1.h */,
			);
			name = Compiler;
			sourceTree = "<group>";
		};
		9D99F547CA5C0ECCB9EB9806 /* src */ = {
			isa = PBXGroup;
			children = (
				36068D6C1D6D412786A5C4C1 /* ofxAssimpAnimation.cpp */,
				EA83DF139B3F2085C1A56C49 /* ofxAssimpAnimation.h */,
				F67FE68E327BEFBD4B777571 /* ofxAssimpMeshHelper.cpp */,
				F0BBBD032D905D92679D83E6 /* ofxAssimpMeshHelper.h */,
				EDE55D82BD962DAC0E94B708 /* ofxAssimpModelLoader.cpp */,
				7DF381F656E8FD352E21346E /* ofxAssimpModelLoader.h */,
				B6F2EE44AD04FF549AB13699 /* ofxAssimpTexture.cpp */,
				8B473495EAE4247AC1A851F1 /* ofxAssimpTexture.h */,
				4FAE4A0F69A8990513603BDF /* ofxAssimpUtils.h */,
			);
			name = src;
			sourceTree = "<group>";
		};
		BB4B014C10F69532006C3DED /* addons */ = {
			isa = PBXGroup;
			children = (
				922DB53B1A9FE98D004D4A2D /* ofxUI */,
				923674C21A71C1C10046F93D /* ofxGrabCam */,
				92A726821A6E2717000DC416 /* ofxSyphon */,
				2C8F245ACBE61E28646C17F2 /* ofxAssimpModelLoader */,
				1F4FB5C423662B96ADFDCC0B /* ofxXmlSettings */,
			);
			name = addons;
			sourceTree = "<group>";
		};
		BBAB23C913894ECA00AA2426 /* system frameworks */ = {
			isa = PBXGroup;
			children = (
				E7F985F515E0DE99003869B5 /* Accelerate.framework */,
				E4C2424410CC5A17004149E2 /* AppKit.framework */,
				E4C2424510CC5A17004149E2 /* Cocoa.framework */,
				E4C2424610CC5A17004149E2 /* IOKit.framework */,
				E45BE9710E8CC7DD009D7055 /* AGL.framework */,
				E45BE9720E8CC7DD009D7055 /* ApplicationServices.framework */,
				E45BE9730E8CC7DD009D7055 /* AudioToolbox.framework */,
				E45BE9750E8CC7DD009D7055 /* CoreAudio.framework */,
				E45BE9760E8CC7DD009D7055 /* CoreFoundation.framework */,
				E45BE9770E8CC7DD009D7055 /* CoreServices.framework */,
				E45BE9790E8CC7DD009D7055 /* OpenGL.framework */,
				E45BE97A0E8CC7DD009D7055 /* QuickTime.framework */,
				E7E077E415D3B63C0020DFD4 /* CoreVideo.framework */,
				E7E077E715D3B6510020DFD4 /* QTKit.framework */,
			);
			name = "system frameworks";
			sourceTree = "<group>";
		};
		BBAB23CA13894EDB00AA2426 /* 3rd party frameworks */ = {
			isa = PBXGroup;
			children = (
				BBAB23BE13894E4700AA2426 /* GLUT.framework */,
			);
			name = "3rd party frameworks";
			sourceTree = "<group>";
		};
		C721A9AF1157766AFE54645E /* libs */ = {
			isa = PBXGroup;
			children = (
				59905D957FDE48902CF1F729 /* assimp */,
			);
			name = libs;
			sourceTree = "<group>";
		};
		E4328144138ABC890047C5CB /* Products */ = {
			isa = PBXGroup;
			children = (
				E4328148138ABC890047C5CB /* openFrameworksDebug.a */,
			);
			name = Products;
			sourceTree = "<group>";
		};
		E45BE5980E8CC70C009D7055 /* frameworks */ = {
			isa = PBXGroup;
			children = (
				92A726B31A6E275F000DC416 /* Syphon.framework */,
				BBAB23CA13894EDB00AA2426 /* 3rd party frameworks */,
				BBAB23C913894ECA00AA2426 /* system frameworks */,
			);
			name = frameworks;
			sourceTree = "<group>";
		};
		E4B69B4A0A3A1720003C02F2 = {
			isa = PBXGroup;
			children = (
				92A7264B1A6E2404000DC416 /* README.md */,
				E4B6FCAD0C3E899E008CF71C /* openFrameworks-Info.plist */,
				E4EB6923138AFD0F00A09F29 /* Project.xcconfig */,
				E4B69E1C0A3A1BDC003C02F2 /* src */,
				E4EEC9E9138DF44700A80321 /* openFrameworks */,
				BB4B014C10F69532006C3DED /* addons */,
				E45BE5980E8CC70C009D7055 /* frameworks */,
				E4B69B5B0A3A1756003C02F2 /* VirtualMapperDebug.app */,
			);
			sourceTree = "<group>";
		};
		E4B69E1C0A3A1BDC003C02F2 /* src */ = {
			isa = PBXGroup;
			children = (
				922DB5CA1A9FF0B1004D4A2D /* osx */,
				E4B69E1D0A3A1BDC003C02F2 /* main.cpp */,
				E4B69E1F0A3A1BDC003C02F2 /* ofApp.h */,
				E4B69E1E0A3A1BDC003C02F2 /* ofApp.cpp */,
				92C0B16B1A6E2B96000B0EA4 /* ofAppUtils.cpp */,
				9299B7451A71ECA500F43260 /* Camera.h */,
			);
			path = src;
			sourceTree = SOURCE_ROOT;
		};
		E4EEC9E9138DF44700A80321 /* openFrameworks */ = {
			isa = PBXGroup;
			children = (
				E4EB691F138AFCF100A09F29 /* CoreOF.xcconfig */,
				E4328143138ABC890047C5CB /* openFrameworksLib.xcodeproj */,
			);
			name = openFrameworks;
			sourceTree = "<group>";
		};
		EEFDD7AE0009AE6F77EF2A93 /* include */ = {
			isa = PBXGroup;
			children = (
				907F2521DC2465DA06C6AF1D /* aiAnim.h */,
				1EAED5CFFEF5186B86807891 /* aiAssert.h */,
				838B1D2C3319363CF8762B06 /* aiCamera.h */,
				1B2B8DD25BA5CC157BEDBCF0 /* aiColor4D.h */,
				3DBACCA958271ECB22F7AB67 /* aiConfig.h */,
				7DA8F80A221C83C141FD02B1 /* aiDefines.h */,
				7376E26531D91026464D8C58 /* aiFileIO.h */,
				411B9B9BC0591439D8F0B056 /* aiLight.h */,
				F82EF0C060CBDAC33AB84F27 /* aiMaterial.h */,
				8504FF32A0062075B2B34F3C /* aiMatrix3x3.h */,
				CB6E898FB329C46EC3DEF461 /* aiMatrix4x4.h */,
				5E154CE6EAE1C51E3E6C3AFE /* aiMesh.h */,
				B170EE628BE77202946345E5 /* aiPostProcess.h */,
				DA9359F0F209E6A0B17DDB7D /* aiQuaternion.h */,
				8EB7E3AA842B22A0D284EA31 /* aiScene.h */,
				C878437FC072E5D613F2495A /* aiTexture.h */,
				9812AB5B873DCE671EDD4E6D /* aiTypes.h */,
				28904A3F685CCE2D22B588E9 /* aiVector2D.h */,
				E15A2AA8D846B3107AACC31E /* aiVector3D.h */,
				C72403EDCB7DCAEC60D1DCDD /* aiVersion.h */,
				564045EF0424B7037832D903 /* assimp.h */,
				53EA0E889F34624CE3313E04 /* assimp.hpp */,
				93A9152986A73DA32DBD7964 /* Compiler */,
				9D3FBFBCC1EE3203C85613CC /* DefaultLogger.h */,
				CC940533E79102644E0EBA55 /* IOStream.h */,
				8EBBBB59CAED1E54F37C7038 /* IOSystem.h */,
				55B81B66E9935717C0FB9141 /* Logger.h */,
				12A495636E8F8086E17251C0 /* LogStream.h */,
				C5527EA29F52FFA0C868E1B9 /* NullLogger.h */,
				0D3785E8F7FEB9257FEA2D7D /* ProgressHandler.h */,
			);
			name = include;
			sourceTree = "<group>";
		};
/* End PBXGroup section */

/* Begin PBXNativeTarget section */
		E4B69B5A0A3A1756003C02F2 /* VirtualMapper */ = {
			isa = PBXNativeTarget;
			buildConfigurationList = E4B69B5F0A3A1757003C02F2 /* Build configuration list for PBXNativeTarget "VirtualMapper" */;
			buildPhases = (
				E4B69B580A3A1756003C02F2 /* Sources */,
				E4B69B590A3A1756003C02F2 /* Frameworks */,
				E4B6FFFD0C3F9AB9008CF71C /* ShellScript */,
				E4C2427710CC5ABF004149E2 /* CopyFiles */,
			);
			buildRules = (
			);
			dependencies = (
				E4EEB9AC138B136A00A80321 /* PBXTargetDependency */,
			);
			name = VirtualMapper;
			productName = myOFApp;
			productReference = E4B69B5B0A3A1756003C02F2 /* VirtualMapperDebug.app */;
			productType = "com.apple.product-type.application";
		};
/* End PBXNativeTarget section */

/* Begin PBXProject section */
		E4B69B4C0A3A1720003C02F2 /* Project object */ = {
			isa = PBXProject;
			attributes = {
				LastUpgradeCheck = 0460;
			};
			buildConfigurationList = E4B69B4D0A3A1720003C02F2 /* Build configuration list for PBXProject "VirtualMapper" */;
			compatibilityVersion = "Xcode 3.2";
			developmentRegion = English;
			hasScannedForEncodings = 0;
			knownRegions = (
				English,
				Japanese,
				French,
				German,
			);
			mainGroup = E4B69B4A0A3A1720003C02F2;
			productRefGroup = E4B69B4A0A3A1720003C02F2;
			projectDirPath = "";
			projectReferences = (
				{
					ProductGroup = E4328144138ABC890047C5CB /* Products */;
					ProjectRef = E4328143138ABC890047C5CB /* openFrameworksLib.xcodeproj */;
				},
			);
			projectRoot = "";
			targets = (
				E4B69B5A0A3A1756003C02F2 /* VirtualMapper */,
			);
		};
/* End PBXProject section */

/* Begin PBXReferenceProxy section */
		E4328148138ABC890047C5CB /* openFrameworksDebug.a */ = {
			isa = PBXReferenceProxy;
			fileType = archive.ar;
			path = openFrameworksDebug.a;
			remoteRef = E4328147138ABC890047C5CB /* PBXContainerItemProxy */;
			sourceTree = BUILT_PRODUCTS_DIR;
		};
/* End PBXReferenceProxy section */

/* Begin PBXShellScriptBuildPhase section */
		E4B6FFFD0C3F9AB9008CF71C /* ShellScript */ = {
			isa = PBXShellScriptBuildPhase;
			buildActionMask = 2147483647;
			files = (
			);
			inputPaths = (
			);
			outputPaths = (
			);
			runOnlyForDeploymentPostprocessing = 0;
			shellPath = /bin/sh;
			shellScript = "cp -f ../../../libs/fmodex/lib/osx/libfmodex.dylib \"$TARGET_BUILD_DIR/$PRODUCT_NAME.app/Contents/MacOS/libfmodex.dylib\"; install_name_tool -change ./libfmodex.dylib @executable_path/libfmodex.dylib \"$TARGET_BUILD_DIR/$PRODUCT_NAME.app/Contents/MacOS/$PRODUCT_NAME\";\nmkdir -p \"$TARGET_BUILD_DIR/$PRODUCT_NAME.app/Contents/Resources/\"\ncp -f \"$ICON_FILE\" \"$TARGET_BUILD_DIR/$PRODUCT_NAME.app/Contents/Resources/\"\n\nrm -R -f \"$TARGET_BUILD_DIR/$PRODUCT_NAME.app/Contents/Resources/data\"\nmkdir -p \"$TARGET_BUILD_DIR/$PRODUCT_NAME.app/Contents/Resources/\"\ncp -f -R bin/data \"$TARGET_BUILD_DIR/$PRODUCT_NAME.app/Contents/Resources/\";\n";
		};
/* End PBXShellScriptBuildPhase section */

/* Begin PBXSourcesBuildPhase section */
		E4B69B580A3A1756003C02F2 /* Sources */ = {
			isa = PBXSourcesBuildPhase;
			buildActionMask = 2147483647;
			files = (
				922DB5C41A9FE98D004D4A2D /* ofxUIWaveform.cpp in Sources */,
				922DB5AE1A9FE98D004D4A2D /* ofxUILabelToggle.cpp in Sources */,
				922DB5A31A9FE98D004D4A2D /* ofxUIDropDownList.cpp in Sources */,
				922DB5C51A9FE98D004D4A2D /* ofxUIWidget.cpp in Sources */,
				922DB5B81A9FE98D004D4A2D /* ofxUIScrollableCanvas.cpp in Sources */,
				922DB59B1A9FE98D004D4A2D /* ofxUI2DGraph.cpp in Sources */,
				E4B69E200A3A1BDC003C02F2 /* main.cpp in Sources */,
				922DB59D1A9FE98D004D4A2D /* ofxUIBaseDraws.cpp in Sources */,
				922DB5B71A9FE98D004D4A2D /* ofxUIRotarySlider.cpp in Sources */,
				E4B69E210A3A1BDC003C02F2 /* ofApp.cpp in Sources */,
				3B8120368B4FCCD80883BAF3 /* ofxAssimpAnimation.cpp in Sources */,
				922DB5A01A9FE98D004D4A2D /* ofxUICanvas.cpp in Sources */,
				922DB5A91A9FE98D004D4A2D /* ofxUIImageSampler.cpp in Sources */,
				922DB5B61A9FE98D004D4A2D /* ofxUIRectangle.cpp in Sources */,
				922DB5BF1A9FE98D004D4A2D /* ofxUITextArea.cpp in Sources */,
				483FA4F6D5FA6422C559B1F5 /* ofxAssimpMeshHelper.cpp in Sources */,
				8DED5056525646FA71980866 /* ofxAssimpModelLoader.cpp in Sources */,
				922DB5B21A9FE98D004D4A2D /* ofxUIMultiImageToggle.cpp in Sources */,
				9299B7431A71C52100F43260 /* ofxGrabCam.cpp in Sources */,
				922DB5C61A9FE98D004D4A2D /* ofxUIWidgetWithLabel.cpp in Sources */,
				922DB5B41A9FE98D004D4A2D /* ofxUIRadio.cpp in Sources */,
				922DB5BA1A9FE98D004D4A2D /* ofxUISortableList.cpp in Sources */,
				922DB5A81A9FE98D004D4A2D /* ofxUIImageButton.cpp in Sources */,
				B8846EF8E504895A4A9EFEC0 /* ofxAssimpTexture.cpp in Sources */,
				922DB5B11A9FE98D004D4A2D /* ofxUIMultiImageButton.cpp in Sources */,
				92C0B16C1A6E2B96000B0EA4 /* ofAppUtils.cpp in Sources */,
				922DB5BD1A9FE98D004D4A2D /* ofxUISuperCanvas.cpp in Sources */,
				922DB5BC1A9FE98D004D4A2D /* ofxUISpectrum.cpp in Sources */,
				922DB5C01A9FE98D004D4A2D /* ofxUITextInput.cpp in Sources */,
				63B57AC5BF4EF088491E0317 /* ofxXmlSettings.cpp in Sources */,
				922DB5C31A9FE98D004D4A2D /* ofxUIValuePlotter.cpp in Sources */,
				922DB5B31A9FE98D004D4A2D /* ofxUINumberDialer.cpp in Sources */,
				922DB5B01A9FE98D004D4A2D /* ofxUIMovingGraph.cpp in Sources */,
				922DB5C21A9FE98D004D4A2D /* ofxUIToggleMatrix.cpp in Sources */,
				922DB5A21A9FE98D004D4A2D /* ofxUIDragableLabelButton.cpp in Sources */,
				933A2227713C720CEFF80FD9 /* tinyxml.cpp in Sources */,
				922DB59F1A9FE98D004D4A2D /* ofxUIButton.cpp in Sources */,
				922DB5BE1A9FE98D004D4A2D /* ofxUITabBar.cpp in Sources */,
				9D44DC88EF9E7991B4A09951 /* tinyxmlerror.cpp in Sources */,
				922DB59E1A9FE98D004D4A2D /* ofxUIBiLabelSlider.cpp in Sources */,
				922DB5AB1A9FE98D004D4A2D /* ofxUIImageToggle.cpp in Sources */,
				5A4349E9754D6FA14C0F2A3A /* tinyxmlparser.cpp in Sources */,
				922DB5A61A9FE98D004D4A2D /* ofxUIFPSSlider.cpp in Sources */,
				92A726B51A6E27A4000DC416 /* SyphonNameboundClient.m in Sources */,
				922DB5AF1A9FE98D004D4A2D /* ofxUIMinimalSlider.cpp in Sources */,
				92ADCD761A6E5DA700262AF1 /* ofxSyphonServerDirectory.mm in Sources */,
				922DB5AA1A9FE98D004D4A2D /* ofxUIImageSlider.cpp in Sources */,
				922DB5AC1A9FE98D004D4A2D /* ofxUILabel.cpp in Sources */,
				922DB5AD1A9FE98D004D4A2D /* ofxUILabelButton.cpp in Sources */,
				922DB5C11A9FE98D004D4A2D /* ofxUIToggle.cpp in Sources */,
				92A726B21A6E273D000DC416 /* ofxSyphonClient.mm in Sources */,
				922DB59C1A9FE98D004D4A2D /* ofxUI2DPad.cpp in Sources */,
				922DB5A71A9FE98D004D4A2D /* ofxUIImage.cpp in Sources */,
				922DB5BB1A9FE98D004D4A2D /* ofxUISpacer.cpp in Sources */,
				922DB5A11A9FE98D004D4A2D /* ofxUICircleSlider.cpp in Sources */,
				922DB5CC1A9FF0C3004D4A2D /* OSXWindow.mm in Sources */,
				922DB5B51A9FE98D004D4A2D /* ofxUIRangeSlider.cpp in Sources */,
				922DB5A51A9FE98D004D4A2D /* ofxUIFPS.cpp in Sources */,
				92F6DE851A6E62BA00AFF114 /* ofxSyphonServer.mm in Sources */,
				922DB5B91A9FE98D004D4A2D /* ofxUISlider.cpp in Sources */,
				922DB5A41A9FE98D004D4A2D /* ofxUIEventArgs.cpp in Sources */,
			);
			runOnlyForDeploymentPostprocessing = 0;
		};
/* End PBXSourcesBuildPhase section */

/* Begin PBXTargetDependency section */
		E4EEB9AC138B136A00A80321 /* PBXTargetDependency */ = {
			isa = PBXTargetDependency;
			name = openFrameworks;
			targetProxy = E4EEB9AB138B136A00A80321 /* PBXContainerItemProxy */;
		};
/* End PBXTargetDependency section */

/* Begin XCBuildConfiguration section */
		E4B69B4E0A3A1720003C02F2 /* Debug */ = {
			isa = XCBuildConfiguration;
			baseConfigurationReference = E4EB6923138AFD0F00A09F29 /* Project.xcconfig */;
			buildSettings = {
				ARCHS = "$(NATIVE_ARCH)";
				CONFIGURATION_BUILD_DIR = "$(SRCROOT)/bin/";
				COPY_PHASE_STRIP = NO;
				DEAD_CODE_STRIPPING = YES;
				GCC_AUTO_VECTORIZATION = YES;
				GCC_ENABLE_SSE3_EXTENSIONS = YES;
				GCC_ENABLE_SUPPLEMENTAL_SSE3_INSTRUCTIONS = YES;
				GCC_INLINES_ARE_PRIVATE_EXTERN = NO;
				GCC_OPTIMIZATION_LEVEL = 0;
				GCC_SYMBOLS_PRIVATE_EXTERN = NO;
				GCC_WARN_ABOUT_DEPRECATED_FUNCTIONS = YES;
				GCC_WARN_ABOUT_INVALID_OFFSETOF_MACRO = NO;
				GCC_WARN_ALLOW_INCOMPLETE_PROTOCOL = NO;
				GCC_WARN_UNINITIALIZED_AUTOS = NO;
				GCC_WARN_UNUSED_VALUE = NO;
				GCC_WARN_UNUSED_VARIABLE = NO;
				HEADER_SEARCH_PATHS = (
					"$(OF_CORE_HEADERS)",
					../../../addons/ofxAssimpModelLoader/libs,
					../../../addons/ofxAssimpModelLoader/libs/assimp,
					../../../addons/ofxAssimpModelLoader/libs/assimp/include,
					../../../addons/ofxAssimpModelLoader/libs/assimp/include/Compiler,
					../../../addons/ofxAssimpModelLoader/libs/assimp/lib,
					../../../addons/ofxAssimpModelLoader/libs/assimp/lib/osx,
					../../../addons/ofxAssimpModelLoader/src,
					../../../addons/ofxGui/libs,
					../../../addons/ofxGui/src,
					../../../addons/ofxXmlSettings/libs,
					../../../addons/ofxXmlSettings/src,
				);
				MACOSX_DEPLOYMENT_TARGET = 10.6;
				OTHER_CPLUSPLUSFLAGS = (
					"-D__MACOSX_CORE__",
					"-lpthread",
					"-mtune=native",
				);
				OTHER_LDFLAGS = (
					"$(OF_CORE_LIBS)",
					../../../addons/ofxAssimpModelLoader/libs/assimp/lib/osx/assimp.a,
				);
				SDKROOT = macosx;
			};
			name = Debug;
		};
		E4B69B4F0A3A1720003C02F2 /* Release */ = {
			isa = XCBuildConfiguration;
			baseConfigurationReference = E4EB6923138AFD0F00A09F29 /* Project.xcconfig */;
			buildSettings = {
				ARCHS = "$(NATIVE_ARCH)";
				CONFIGURATION_BUILD_DIR = "$(SRCROOT)/bin/";
				COPY_PHASE_STRIP = YES;
				DEAD_CODE_STRIPPING = YES;
				GCC_AUTO_VECTORIZATION = YES;
				GCC_ENABLE_SSE3_EXTENSIONS = YES;
				GCC_ENABLE_SUPPLEMENTAL_SSE3_INSTRUCTIONS = YES;
				GCC_INLINES_ARE_PRIVATE_EXTERN = NO;
				GCC_OPTIMIZATION_LEVEL = 3;
				GCC_SYMBOLS_PRIVATE_EXTERN = NO;
				GCC_UNROLL_LOOPS = YES;
				GCC_WARN_ABOUT_DEPRECATED_FUNCTIONS = YES;
				GCC_WARN_ABOUT_INVALID_OFFSETOF_MACRO = NO;
				GCC_WARN_ALLOW_INCOMPLETE_PROTOCOL = NO;
				GCC_WARN_UNINITIALIZED_AUTOS = NO;
				GCC_WARN_UNUSED_VALUE = NO;
				GCC_WARN_UNUSED_VARIABLE = NO;
				HEADER_SEARCH_PATHS = (
					"$(OF_CORE_HEADERS)",
					../../../addons/ofxAssimpModelLoader/libs,
					../../../addons/ofxAssimpModelLoader/libs/assimp,
					../../../addons/ofxAssimpModelLoader/libs/assimp/include,
					../../../addons/ofxAssimpModelLoader/libs/assimp/include/Compiler,
					../../../addons/ofxAssimpModelLoader/libs/assimp/lib,
					../../../addons/ofxAssimpModelLoader/libs/assimp/lib/osx,
					../../../addons/ofxAssimpModelLoader/src,
					../../../addons/ofxGui/libs,
					../../../addons/ofxGui/src,
					../../../addons/ofxXmlSettings/libs,
					../../../addons/ofxXmlSettings/src,
				);
				MACOSX_DEPLOYMENT_TARGET = 10.6;
				OTHER_CPLUSPLUSFLAGS = (
					"-D__MACOSX_CORE__",
					"-lpthread",
					"-mtune=native",
				);
				OTHER_LDFLAGS = (
					"$(OF_CORE_LIBS)",
					../../../addons/ofxAssimpModelLoader/libs/assimp/lib/osx/assimp.a,
				);
				SDKROOT = macosx;
			};
			name = Release;
		};
		E4B69B600A3A1757003C02F2 /* Debug */ = {
			isa = XCBuildConfiguration;
			buildSettings = {
				COMBINE_HIDPI_IMAGES = YES;
				COPY_PHASE_STRIP = NO;
				FRAMEWORK_SEARCH_PATHS = (
					"$(inherited)",
					"$(FRAMEWORK_SEARCH_PATHS_QUOTED_FOR_TARGET_1)",
					/Users/mugi/oF/v0.8.4/addons/ofxSyphon/libs/Syphon/lib/osx,
				);
				FRAMEWORK_SEARCH_PATHS_QUOTED_FOR_TARGET_1 = "\"$(SRCROOT)/../../../libs/glut/lib/osx\"";
				GCC_DYNAMIC_NO_PIC = NO;
				GCC_GENERATE_DEBUGGING_SYMBOLS = YES;
				GCC_MODEL_TUNING = NONE;
				ICON = "$(ICON_NAME_DEBUG)";
				ICON_FILE = "$(ICON_FILE_PATH)$(ICON)";
				INFOPLIST_FILE = "openFrameworks-Info.plist";
				INSTALL_PATH = "$(HOME)/Applications";
				LIBRARY_SEARCH_PATHS = (
					"$(inherited)",
					"$(LIBRARY_SEARCH_PATHS_QUOTED_FOR_TARGET_1)",
					"$(LIBRARY_SEARCH_PATHS_QUOTED_FOR_TARGET_2)",
					"$(LIBRARY_SEARCH_PATHS_QUOTED_FOR_TARGET_3)",
					"$(LIBRARY_SEARCH_PATHS_QUOTED_FOR_TARGET_4)",
					"$(LIBRARY_SEARCH_PATHS_QUOTED_FOR_TARGET_5)",
					"$(LIBRARY_SEARCH_PATHS_QUOTED_FOR_TARGET_6)",
					"$(LIBRARY_SEARCH_PATHS_QUOTED_FOR_TARGET_7)",
					"$(LIBRARY_SEARCH_PATHS_QUOTED_FOR_TARGET_8)",
					"$(LIBRARY_SEARCH_PATHS_QUOTED_FOR_TARGET_9)",
					"$(LIBRARY_SEARCH_PATHS_QUOTED_FOR_TARGET_10)",
					"$(LIBRARY_SEARCH_PATHS_QUOTED_FOR_TARGET_11)",
					"$(LIBRARY_SEARCH_PATHS_QUOTED_FOR_TARGET_12)",
					"$(LIBRARY_SEARCH_PATHS_QUOTED_FOR_TARGET_13)",
					"$(LIBRARY_SEARCH_PATHS_QUOTED_FOR_TARGET_14)",
					"$(LIBRARY_SEARCH_PATHS_QUOTED_FOR_TARGET_15)",
					"$(LIBRARY_SEARCH_PATHS_QUOTED_FOR_TARGET_2)",
					"$(LIBRARY_SEARCH_PATHS_QUOTED_FOR_TARGET_3)",
					"$(LIBRARY_SEARCH_PATHS_QUOTED_FOR_TARGET_7)",
					"$(LIBRARY_SEARCH_PATHS_QUOTED_FOR_TARGET_8)",
					"$(LIBRARY_SEARCH_PATHS_QUOTED_FOR_TARGET_9)",
					"$(LIBRARY_SEARCH_PATHS_QUOTED_FOR_TARGET_10)",
					"$(LIBRARY_SEARCH_PATHS_QUOTED_FOR_TARGET_11)",
					"$(LIBRARY_SEARCH_PATHS_QUOTED_FOR_TARGET_12)",
					"$(LIBRARY_SEARCH_PATHS_QUOTED_FOR_TARGET_13)",
					"$(LIBRARY_SEARCH_PATHS_QUOTED_FOR_TARGET_16)",
					"$(LIBRARY_SEARCH_PATHS_QUOTED_FOR_TARGET_17)",
					"$(LIBRARY_SEARCH_PATHS_QUOTED_FOR_TARGET_18)",
					"$(LIBRARY_SEARCH_PATHS_QUOTED_FOR_TARGET_19)",
					"$(LIBRARY_SEARCH_PATHS_QUOTED_FOR_TARGET_20)",
					"$(LIBRARY_SEARCH_PATHS_QUOTED_FOR_TARGET_21)",
					"$(LIBRARY_SEARCH_PATHS_QUOTED_FOR_TARGET_22)",
					"$(LIBRARY_SEARCH_PATHS_QUOTED_FOR_TARGET_23)",
					"$(LIBRARY_SEARCH_PATHS_QUOTED_FOR_TARGET_24)",
					"$(LIBRARY_SEARCH_PATHS_QUOTED_FOR_TARGET_25)",
					"$(LIBRARY_SEARCH_PATHS_QUOTED_FOR_TARGET_26)",
					"$(LIBRARY_SEARCH_PATHS_QUOTED_FOR_TARGET_27)",
					"$(LIBRARY_SEARCH_PATHS_QUOTED_FOR_TARGET_28)",
					"$(LIBRARY_SEARCH_PATHS_QUOTED_FOR_TARGET_29)",
					"$(LIBRARY_SEARCH_PATHS_QUOTED_FOR_TARGET_30)",
					"$(LIBRARY_SEARCH_PATHS_QUOTED_FOR_TARGET_31)",
					"$(LIBRARY_SEARCH_PATHS_QUOTED_FOR_TARGET_32)",
					"$(LIBRARY_SEARCH_PATHS_QUOTED_FOR_TARGET_33)",
					"$(LIBRARY_SEARCH_PATHS_QUOTED_FOR_TARGET_34)",
					"$(LIBRARY_SEARCH_PATHS_QUOTED_FOR_TARGET_35)",
					"$(LIBRARY_SEARCH_PATHS_QUOTED_FOR_TARGET_36)",
					"$(LIBRARY_SEARCH_PATHS_QUOTED_FOR_TARGET_37)",
					"$(LIBRARY_SEARCH_PATHS_QUOTED_FOR_TARGET_38)",
					"$(LIBRARY_SEARCH_PATHS_QUOTED_FOR_TARGET_39)",
					"$(LIBRARY_SEARCH_PATHS_QUOTED_FOR_TARGET_40)",
					"$(LIBRARY_SEARCH_PATHS_QUOTED_FOR_TARGET_41)",
					"$(LIBRARY_SEARCH_PATHS_QUOTED_FOR_TARGET_42)",
					"$(LIBRARY_SEARCH_PATHS_QUOTED_FOR_TARGET_43)",
					"$(LIBRARY_SEARCH_PATHS_QUOTED_FOR_TARGET_44)",
					"$(LIBRARY_SEARCH_PATHS_QUOTED_FOR_TARGET_45)",
					"$(LIBRARY_SEARCH_PATHS_QUOTED_FOR_TARGET_46)",
					"$(LIBRARY_SEARCH_PATHS_QUOTED_FOR_TARGET_47)",
					"$(LIBRARY_SEARCH_PATHS_QUOTED_FOR_TARGET_48)",
					"$(LIBRARY_SEARCH_PATHS_QUOTED_FOR_TARGET_49)",
					"$(LIBRARY_SEARCH_PATHS_QUOTED_FOR_TARGET_50)",
					"$(LIBRARY_SEARCH_PATHS_QUOTED_FOR_TARGET_51)",
					"$(LIBRARY_SEARCH_PATHS_QUOTED_FOR_TARGET_52)",
				);
				PRODUCT_NAME = VirtualMapperDebug;
				USER_HEADER_SEARCH_PATHS = "";
				WRAPPER_EXTENSION = app;
			};
			name = Debug;
		};
		E4B69B610A3A1757003C02F2 /* Release */ = {
			isa = XCBuildConfiguration;
			buildSettings = {
				COMBINE_HIDPI_IMAGES = YES;
				COPY_PHASE_STRIP = YES;
				FRAMEWORK_SEARCH_PATHS = (
					"$(inherited)",
					"$(FRAMEWORK_SEARCH_PATHS_QUOTED_FOR_TARGET_1)",
					/Users/mugi/oF/v0.8.4/addons/ofxSyphon/libs/Syphon/lib/osx,
				);
				FRAMEWORK_SEARCH_PATHS_QUOTED_FOR_TARGET_1 = "\"$(SRCROOT)/../../../libs/glut/lib/osx\"";
				GCC_GENERATE_DEBUGGING_SYMBOLS = YES;
				GCC_MODEL_TUNING = NONE;
				ICON = "$(ICON_NAME_RELEASE)";
				ICON_FILE = "$(ICON_FILE_PATH)$(ICON)";
				INFOPLIST_FILE = "openFrameworks-Info.plist";
				INSTALL_PATH = "$(HOME)/Applications";
				LIBRARY_SEARCH_PATHS = (
					"$(inherited)",
					"$(LIBRARY_SEARCH_PATHS_QUOTED_FOR_TARGET_1)",
					"$(LIBRARY_SEARCH_PATHS_QUOTED_FOR_TARGET_2)",
					"$(LIBRARY_SEARCH_PATHS_QUOTED_FOR_TARGET_3)",
					"$(LIBRARY_SEARCH_PATHS_QUOTED_FOR_TARGET_4)",
					"$(LIBRARY_SEARCH_PATHS_QUOTED_FOR_TARGET_5)",
					"$(LIBRARY_SEARCH_PATHS_QUOTED_FOR_TARGET_6)",
					"$(LIBRARY_SEARCH_PATHS_QUOTED_FOR_TARGET_7)",
					"$(LIBRARY_SEARCH_PATHS_QUOTED_FOR_TARGET_8)",
					"$(LIBRARY_SEARCH_PATHS_QUOTED_FOR_TARGET_9)",
					"$(LIBRARY_SEARCH_PATHS_QUOTED_FOR_TARGET_10)",
					"$(LIBRARY_SEARCH_PATHS_QUOTED_FOR_TARGET_11)",
					"$(LIBRARY_SEARCH_PATHS_QUOTED_FOR_TARGET_12)",
					"$(LIBRARY_SEARCH_PATHS_QUOTED_FOR_TARGET_13)",
					"$(LIBRARY_SEARCH_PATHS_QUOTED_FOR_TARGET_14)",
					"$(LIBRARY_SEARCH_PATHS_QUOTED_FOR_TARGET_15)",
					"$(LIBRARY_SEARCH_PATHS_QUOTED_FOR_TARGET_2)",
					"$(LIBRARY_SEARCH_PATHS_QUOTED_1)",
					"$(LIBRARY_SEARCH_PATHS_QUOTED_FOR_TARGET_3)",
					"$(LIBRARY_SEARCH_PATHS_QUOTED_FOR_TARGET_7)",
					"$(LIBRARY_SEARCH_PATHS_QUOTED_FOR_TARGET_8)",
					"$(LIBRARY_SEARCH_PATHS_QUOTED_FOR_TARGET_9)",
					"$(LIBRARY_SEARCH_PATHS_QUOTED_FOR_TARGET_10)",
					"$(LIBRARY_SEARCH_PATHS_QUOTED_FOR_TARGET_11)",
					"$(LIBRARY_SEARCH_PATHS_QUOTED_FOR_TARGET_12)",
					"$(LIBRARY_SEARCH_PATHS_QUOTED_FOR_TARGET_13)",
					"$(LIBRARY_SEARCH_PATHS_QUOTED_FOR_TARGET_16)",
					"$(LIBRARY_SEARCH_PATHS_QUOTED_FOR_TARGET_17)",
					"$(LIBRARY_SEARCH_PATHS_QUOTED_FOR_TARGET_18)",
					"$(LIBRARY_SEARCH_PATHS_QUOTED_FOR_TARGET_19)",
					"$(LIBRARY_SEARCH_PATHS_QUOTED_FOR_TARGET_20)",
					"$(LIBRARY_SEARCH_PATHS_QUOTED_FOR_TARGET_21)",
					"$(LIBRARY_SEARCH_PATHS_QUOTED_FOR_TARGET_22)",
					"$(LIBRARY_SEARCH_PATHS_QUOTED_FOR_TARGET_23)",
					"$(LIBRARY_SEARCH_PATHS_QUOTED_FOR_TARGET_24)",
					"$(LIBRARY_SEARCH_PATHS_QUOTED_FOR_TARGET_25)",
					"$(LIBRARY_SEARCH_PATHS_QUOTED_FOR_TARGET_26)",
					"$(LIBRARY_SEARCH_PATHS_QUOTED_FOR_TARGET_27)",
					"$(LIBRARY_SEARCH_PATHS_QUOTED_FOR_TARGET_28)",
					"$(LIBRARY_SEARCH_PATHS_QUOTED_FOR_TARGET_29)",
					"$(LIBRARY_SEARCH_PATHS_QUOTED_FOR_TARGET_30)",
					"$(LIBRARY_SEARCH_PATHS_QUOTED_FOR_TARGET_31)",
					"$(LIBRARY_SEARCH_PATHS_QUOTED_FOR_TARGET_32)",
					"$(LIBRARY_SEARCH_PATHS_QUOTED_FOR_TARGET_33)",
					"$(LIBRARY_SEARCH_PATHS_QUOTED_FOR_TARGET_34)",
					"$(LIBRARY_SEARCH_PATHS_QUOTED_FOR_TARGET_35)",
					"$(LIBRARY_SEARCH_PATHS_QUOTED_FOR_TARGET_36)",
					"$(LIBRARY_SEARCH_PATHS_QUOTED_FOR_TARGET_37)",
					"$(LIBRARY_SEARCH_PATHS_QUOTED_FOR_TARGET_38)",
					"$(LIBRARY_SEARCH_PATHS_QUOTED_FOR_TARGET_39)",
					"$(LIBRARY_SEARCH_PATHS_QUOTED_FOR_TARGET_40)",
					"$(LIBRARY_SEARCH_PATHS_QUOTED_FOR_TARGET_41)",
					"$(LIBRARY_SEARCH_PATHS_QUOTED_FOR_TARGET_42)",
					"$(LIBRARY_SEARCH_PATHS_QUOTED_FOR_TARGET_43)",
					"$(LIBRARY_SEARCH_PATHS_QUOTED_FOR_TARGET_44)",
					"$(LIBRARY_SEARCH_PATHS_QUOTED_FOR_TARGET_45)",
					"$(LIBRARY_SEARCH_PATHS_QUOTED_FOR_TARGET_46)",
					"$(LIBRARY_SEARCH_PATHS_QUOTED_FOR_TARGET_47)",
					"$(LIBRARY_SEARCH_PATHS_QUOTED_FOR_TARGET_48)",
					"$(LIBRARY_SEARCH_PATHS_QUOTED_FOR_TARGET_49)",
					"$(LIBRARY_SEARCH_PATHS_QUOTED_FOR_TARGET_50)",
					"$(LIBRARY_SEARCH_PATHS_QUOTED_FOR_TARGET_51)",
				);
				PRODUCT_NAME = VirtualMapper;
				USER_HEADER_SEARCH_PATHS = "";
				WRAPPER_EXTENSION = app;
			};
			name = Release;
		};
/* End XCBuildConfiguration section */

/* Begin XCConfigurationList section */
		E4B69B4D0A3A1720003C02F2 /* Build configuration list for PBXProject "VirtualMapper" */ = {
			isa = XCConfigurationList;
			buildConfigurations = (
				E4B69B4E0A3A1720003C02F2 /* Debug */,
				E4B69B4F0A3A1720003C02F2 /* Release */,
			);
			defaultConfigurationIsVisible = 0;
			defaultConfigurationName = Release;
		};
		E4B69B5F0A3A1757003C02F2 /* Build configuration list for PBXNativeTarget "VirtualMapper" */ = {
			isa = XCConfigurationList;
			buildConfigurations = (
				E4B69B600A3A1757003C02F2 /* Debug */,
				E4B69B610A3A1757003C02F2 /* Release */,
			);
			defaultConfigurationIsVisible = 0;
			defaultConfigurationName = Release;
		};
/* End XCConfigurationList section */
	};
	rootObject = E4B69B4C0A3A1720003C02F2 /* Project object */;
}
